<?xml version="1.0" encoding="utf-8"?>
<Project ToolsVersion="4.0" xmlns="http://schemas.microsoft.com/developer/msbuild/2003">
  <ItemGroup>
    <Filter Include="app">
      <UniqueIdentifier>{05026f2b-390f-424a-b24a-73033960ef24}</UniqueIdentifier>
    </Filter>
    <Filter Include="app\make">
      <UniqueIdentifier>{3e4d62e1-393a-4652-861b-115c75eed949}</UniqueIdentifier>
    </Filter>
    <Filter Include="build">
      <UniqueIdentifier>{16b42c54-b896-4cb6-b8a5-0436327def0e}</UniqueIdentifier>
    </Filter>
    <Filter Include="micros">
      <UniqueIdentifier>{0a8b6cbb-02d4-4780-a2a9-c5a1b34deb53}</UniqueIdentifier>
    </Filter>
    <Filter Include="micros\stm32f100">
      <UniqueIdentifier>{5f9acc74-9dfb-4961-923c-444421c47605}</UniqueIdentifier>
    </Filter>
    <Filter Include="micros\stm32f100\make">
      <UniqueIdentifier>{4944fce6-fe7e-4cf0-b062-d6b7b70aee98}</UniqueIdentifier>
    </Filter>
    <Filter Include="micros\stm32f100\startup">
      <UniqueIdentifier>{f629ad77-98fd-412e-b115-847c4c428883}</UniqueIdentifier>
    </Filter>
  </ItemGroup>
  <ItemGroup>
    <None Include="target\app\make\app_files.gmk">
      <Filter>app\make</Filter>
    </None>
    <None Include="target\app\make\app_make.gmk">
      <Filter>app\make</Filter>
    </None>
    <None Include="target\app\make\app_rules.gmk">
      <Filter>app\make</Filter>
    </None>
    <None Include="target\build\build.bat">
      <Filter>build</Filter>
    </None>
    <None Include="target\micros\stm32f100\make\stm32f100_files.gmk">
      <Filter>micros\stm32f100\make</Filter>
    </None>
    <None Include="target\micros\stm32f100\make\stm32f100_flags.gmk">
      <Filter>micros\stm32f100\make</Filter>
    </None>
    <None Include="target\micros\stm32f100\make\stm32f100.ld">
      <Filter>micros\stm32f100\make</Filter>
    </None>
  </ItemGroup>
  <ItemGroup>
    <ClCompile Include="target\micros\stm32f100\startup\crt0_init_ram.cpp">
      <Filter>micros\stm32f100\startup</Filter>
    </ClCompile>
    <ClCompile Include="target\micros\stm32f100\startup\crt1.cpp">
      <Filter>micros\stm32f100\startup</Filter>
    </ClCompile>
    <ClCompile Include="target\micros\stm32f100\startup\int_vect.cpp">
      <Filter>micros\stm32f100\startup</Filter>
    </ClCompile>
    <ClCompile Include="target\micros\stm32f100\startup\crt0.cpp">
      <Filter>micros\stm32f100\startup</Filter>
    </ClCompile>
  </ItemGroup>
</Project>