<?xml version="1.0" encoding="utf-8"?>
<Project ToolsVersion="12.0" xmlns="http://schemas.microsoft.com/developer/msbuild/2003">
  <ItemGroup>
    <Filter Include="src">
      <UniqueIdentifier>{c53407a0-4776-444d-8e59-390c1235403a}</UniqueIdentifier>
    </Filter>
    <Filter Include="src\app">
      <UniqueIdentifier>{4FC737F1-C7A5-4376-A066-2A32D752A2FF}</UniqueIdentifier>
      <Extensions>cpp;c;cc;cxx;def;odl;idl;hpj;bat;asm;asmx</Extensions>
    </Filter>
    <Filter Include="src\mcal">
      <UniqueIdentifier>{554e29f2-746f-4c6a-8998-eb715891d0f1}</UniqueIdentifier>
    </Filter>
    <Filter Include="src\mcal\avr">
      <UniqueIdentifier>{35abab27-f12f-49fc-a3f3-db5c1a3d86d1}</UniqueIdentifier>
    </Filter>
    <Filter Include="src\mcal\stm32f100">
      <UniqueIdentifier>{eec5b14c-e762-4ba2-8423-1f7a149a1ac8}</UniqueIdentifier>
    </Filter>
    <Filter Include="src\math">
      <UniqueIdentifier>{bb84928c-8201-4867-8230-a8a23c6668da}</UniqueIdentifier>
    </Filter>
    <Filter Include="src\util">
      <UniqueIdentifier>{befa5ae2-18e4-49b6-83de-faec1b87550d}</UniqueIdentifier>
    </Filter>
    <Filter Include="src\util\utility">
      <UniqueIdentifier>{709b9348-a32f-4b38-aad0-9d4733c541af}</UniqueIdentifier>
    </Filter>
    <Filter Include="src\util\memory">
      <UniqueIdentifier>{fb6afa64-87b9-489c-bf74-fff0df6f7822}</UniqueIdentifier>
    </Filter>
    <Filter Include="src\util\STL">
      <UniqueIdentifier>{d0d11263-d7b2-4316-9cb7-b3d7a8509d74}</UniqueIdentifier>
    </Filter>
    <Filter Include="src\sys">
      <UniqueIdentifier>{ede03732-bfee-4556-a8b7-14eaa5c8d374}</UniqueIdentifier>
    </Filter>
    <Filter Include="src\os">
      <UniqueIdentifier>{476aa51b-6e76-4194-b148-eb11452726f9}</UniqueIdentifier>
    </Filter>
    <Filter Include="src\app\led">
      <UniqueIdentifier>{1cfa4abb-0a0b-4180-ada6-a20c7b6db25e}</UniqueIdentifier>
    </Filter>
    <Filter Include="src\math\calculus">
      <UniqueIdentifier>{ffc48514-113f-41c9-804f-c48ed5a77eb7}</UniqueIdentifier>
    </Filter>
    <Filter Include="src\math\fixed_point">
      <UniqueIdentifier>{9e589103-0fd8-4fb0-b033-c9e37b055853}</UniqueIdentifier>
    </Filter>
    <Filter Include="src\math\constants">
      <UniqueIdentifier>{ac401e26-4242-43da-804a-937e5eb999a0}</UniqueIdentifier>
    </Filter>
    <Filter Include="src\math\filters">
      <UniqueIdentifier>{98cee71e-3f6f-4eca-9f12-6ab0aea7c992}</UniqueIdentifier>
    </Filter>
    <Filter Include="src\sys\idle">
      <UniqueIdentifier>{7d11d207-889a-4695-a77d-83ea933a5c6b}</UniqueIdentifier>
    </Filter>
    <Filter Include="src\sys\mon">
      <UniqueIdentifier>{fc2f66b1-4bc4-49f7-85d9-0a3b258bc9b4}</UniqueIdentifier>
    </Filter>
    <Filter Include="src\sys\start">
      <UniqueIdentifier>{41a9ec66-7b1d-45ca-b5d9-4195aa12cc5f}</UniqueIdentifier>
    </Filter>
    <Filter Include="src\util\STL\impl">
      <UniqueIdentifier>{23ebb7b1-aefc-4dc7-bc7f-6c458cb95a7e}</UniqueIdentifier>
    </Filter>
    <Filter Include="src\util\STL\impl\avr">
      <UniqueIdentifier>{8d56caaf-763e-4cfe-a62b-2b1bdaee1be3}</UniqueIdentifier>
    </Filter>
    <Filter Include="src\mcal\am335x">
      <UniqueIdentifier>{9b5fd24e-5f56-4862-b157-28c2d59c7973}</UniqueIdentifier>
    </Filter>
    <Filter Include="src\util\STD_LIBC">
      <UniqueIdentifier>{f42ecd88-8797-4165-aea9-3e049728b2b3}</UniqueIdentifier>
    </Filter>
    <Filter Include="src\util\safety">
      <UniqueIdentifier>{a3dedf88-a5f5-4b86-8004-f8ccd0f98cd5}</UniqueIdentifier>
    </Filter>
    <Filter Include="src\util\safety\memory">
      <UniqueIdentifier>{70025b0b-8528-42d1-b2ad-9d7a625e8ba6}</UniqueIdentifier>
    </Filter>
    <Filter Include="src\util\safety\time">
      <UniqueIdentifier>{be85e876-1040-4705-bb46-36a60160228f}</UniqueIdentifier>
    </Filter>
    <Filter Include="src\mcal\stm32f407">
      <UniqueIdentifier>{9ad2bd26-af7c-429d-b1ca-498f39c47053}</UniqueIdentifier>
    </Filter>
    <Filter Include="src\mcal\rl78">
      <UniqueIdentifier>{f8af3f0f-5c80-41e7-88de-7809108140bd}</UniqueIdentifier>
    </Filter>
    <Filter Include="src\mcal\stm32f429">
      <UniqueIdentifier>{3d9c9058-7846-4b3f-b8aa-c64674ccacb1}</UniqueIdentifier>
    </Filter>
    <Filter Include="src\mcal\rx63n">
      <UniqueIdentifier>{29c51b64-7573-4787-9512-d668e5d8e0d7}</UniqueIdentifier>
    </Filter>
    <Filter Include="src\mcal\bcm2835_raspi_b">
      <UniqueIdentifier>{7b9388d6-f502-4205-b264-1d91355a71bf}</UniqueIdentifier>
    </Filter>
    <Filter Include="src\math\checksums">
      <UniqueIdentifier>{01aad933-5ecb-4ed6-ab76-8cca16bd0d60}</UniqueIdentifier>
    </Filter>
    <Filter Include="src\app\benchmark">
      <UniqueIdentifier>{8692e096-13a3-44ae-ab6a-cc5a7a96c3f0}</UniqueIdentifier>
    </Filter>
    <Filter Include="src\math\checksums\crc">
      <UniqueIdentifier>{8c458229-093f-4c84-be41-c44701230e48}</UniqueIdentifier>
    </Filter>
    <Filter Include="src\math\extended_complex">
      <UniqueIdentifier>{0f8d2031-bb2c-4616-ba26-9e801fbd3e64}</UniqueIdentifier>
    </Filter>
    <Filter Include="src\util\STL_C++XX_stdfloat">
      <UniqueIdentifier>{56776e10-f1a6-42e5-bfff-6d5b3a20b327}</UniqueIdentifier>
    </Filter>
    <Filter Include="src\mcal\stm32l152">
      <UniqueIdentifier>{719b20d2-fb59-44c0-ac84-cbba20ecf979}</UniqueIdentifier>
    </Filter>
    <Filter Include="src\math\functions">
      <UniqueIdentifier>{62976de0-9569-4a72-af6f-e6c489a1dfb0}</UniqueIdentifier>
    </Filter>
    <Filter Include="src\mcal\atmega2560">
      <UniqueIdentifier>{8fef6100-47d4-49d0-9a34-3e060e206eea}</UniqueIdentifier>
    </Filter>
    <Filter Include="src\math\wide_integer">
      <UniqueIdentifier>{ca989bd6-465c-4ffe-b218-f82c14ce6146}</UniqueIdentifier>
    </Filter>
    <Filter Include="src\mcal\stm32f446">
      <UniqueIdentifier>{6baff3fc-c837-491c-9626-2b6ee265fe73}</UniqueIdentifier>
    </Filter>
    <Filter Include="src\mcal\xtensa32">
      <UniqueIdentifier>{ec382c45-8f06-4478-bd50-c4aae4165e7c}</UniqueIdentifier>
    </Filter>
    <Filter Include="src\math\fast_math">
      <UniqueIdentifier>{21eb30fc-adf8-47ab-b3e2-8bdc73ab3d9b}</UniqueIdentifier>
    </Filter>
    <Filter Include="src\mcal\lpc11c24">
      <UniqueIdentifier>{109a2c8b-0628-4442-8eec-b3604ef6d73e}</UniqueIdentifier>
    </Filter>
    <Filter Include="src\mcal\x86_64-w64-mingw32">
      <UniqueIdentifier>{2b7c4ec7-869e-40b2-a6de-a8e387212a34}</UniqueIdentifier>
    </Filter>
    <Filter Include="src\mcal_memory">
      <UniqueIdentifier>{bbd1e291-4ee6-416b-8df5-24ed707324da}</UniqueIdentifier>
    </Filter>
    <Filter Include="src\mcal\host">
      <UniqueIdentifier>{069e32de-cf68-440e-9742-c4a776f49af0}</UniqueIdentifier>
    </Filter>
    <Filter Include="src\mcal_spi">
      <UniqueIdentifier>{78643af6-533c-4eee-844d-f58523c836bd}</UniqueIdentifier>
    </Filter>
    <Filter Include="src\mcal\stm32l100c">
      <UniqueIdentifier>{2cd07c2d-35e3-412c-94b1-c0fbefc62a34}</UniqueIdentifier>
    </Filter>
    <Filter Include="src\mcal_pwm">
      <UniqueIdentifier>{92988e2b-6c1d-4ef8-bce6-ab7610d4a6f9}</UniqueIdentifier>
    </Filter>
    <Filter Include="src\mcal_led">
      <UniqueIdentifier>{83dcb099-1fff-4039-8f17-70b630a69000}</UniqueIdentifier>
    </Filter>
    <Filter Include="src\mcal_lcd">
      <UniqueIdentifier>{eb8e327c-4b2e-4c04-962e-89d209a466a3}</UniqueIdentifier>
    </Filter>
    <Filter Include="src\math\checksums\hash">
      <UniqueIdentifier>{e2fcdd5d-c51e-43d0-99e2-fcc3d661473c}</UniqueIdentifier>
    </Filter>
    <Filter Include="src\math\wide_decimal">
      <UniqueIdentifier>{600114e0-a873-4e3b-8b5b-06844c801c31}</UniqueIdentifier>
    </Filter>
    <Filter Include="src\mcal\xtensa32\from_sdk">
      <UniqueIdentifier>{9e3b9eeb-09b2-45f0-b1c6-5aca06d31d33}</UniqueIdentifier>
    </Filter>
    <Filter Include="src\mcal\xtensa32\from_sdk\soc">
      <UniqueIdentifier>{734f412d-52b0-4aec-8bf0-f8a97565aac0}</UniqueIdentifier>
    </Filter>
    <Filter Include="src\mcal\atmega4809">
      <UniqueIdentifier>{dbda4d0b-067f-4d70-82e7-06a6c5b83f6a}</UniqueIdentifier>
    </Filter>
    <Filter Include="src\app\benchmark\_doc">
      <UniqueIdentifier>{906a028e-7aa3-4935-8a72-2f735b223885}</UniqueIdentifier>
    </Filter>
    <Filter Include="src\math\softfloat">
      <UniqueIdentifier>{edc2180f-2a1e-4ee1-8b2f-e51592be2ebf}</UniqueIdentifier>
    </Filter>
    <Filter Include="src\util\boost_metal_bindings">
      <UniqueIdentifier>{46a2d805-8bc6-4d6e-a05f-ccc9153db65d}</UniqueIdentifier>
    </Filter>
    <Filter Include="src\util\boost_metal_bindings\boost">
      <UniqueIdentifier>{64c8e075-90ba-43ca-ab80-388357d3b0c8}</UniqueIdentifier>
    </Filter>
    <Filter Include="src\util\boost_metal_bindings\boost\math">
      <UniqueIdentifier>{56834106-6f69-45d7-a76e-6a98c3fb64e6}</UniqueIdentifier>
    </Filter>
    <Filter Include="src\util\boost_metal_bindings\boost\math\policies">
      <UniqueIdentifier>{72c5030d-41c0-4152-9a9c-0cf5f18cd189}</UniqueIdentifier>
    </Filter>
    <Filter Include="src\cmake">
      <UniqueIdentifier>{f93f7228-dccf-4716-a98e-7f05d4c20a8c}</UniqueIdentifier>
    </Filter>
    <Filter Include="src\mcal\v850es_fx2">
      <UniqueIdentifier>{8e53b3f3-75d7-4f06-923e-237c9c103735}</UniqueIdentifier>
    </Filter>
    <Filter Include="src\mcal\stm32h7a3">
      <UniqueIdentifier>{02419671-0191-4497-bd3d-09e3ff4a4d61}</UniqueIdentifier>
    </Filter>
    <Filter Include="src\mcal\riscvfe310">
      <UniqueIdentifier>{67b61401-3c8f-42ec-ba55-e2f18af39387}</UniqueIdentifier>
    </Filter>
  </ItemGroup>
  <ItemGroup>
    <ClCompile Include="src\app\led\app_led.cpp">
      <Filter>src\app\led</Filter>
    </ClCompile>
    <ClCompile Include="src\sys\idle\sys_idle.cpp">
      <Filter>src\sys\idle</Filter>
    </ClCompile>
    <ClCompile Include="src\sys\mon\sys_mon.cpp">
      <Filter>src\sys\mon</Filter>
    </ClCompile>
    <ClCompile Include="src\sys\start\sys_start.cpp">
      <Filter>src\sys\start</Filter>
    </ClCompile>
    <ClCompile Include="src\os\os.cpp">
      <Filter>src\os</Filter>
    </ClCompile>
    <ClCompile Include="src\mcal\stm32f100\mcal_cpu.cpp">
      <Filter>src\mcal\stm32f100</Filter>
    </ClCompile>
    <ClCompile Include="src\mcal\stm32f100\mcal_gpt.cpp">
      <Filter>src\mcal\stm32f100</Filter>
    </ClCompile>
    <ClCompile Include="src\mcal\stm32f100\mcal_irq.cpp">
      <Filter>src\mcal\stm32f100</Filter>
    </ClCompile>
    <ClCompile Include="src\mcal\stm32f100\mcal_led.cpp">
      <Filter>src\mcal\stm32f100</Filter>
    </ClCompile>
    <ClCompile Include="src\mcal\stm32f100\mcal_wdg.cpp">
      <Filter>src\mcal\stm32f100</Filter>
    </ClCompile>
    <ClCompile Include="src\mcal\stm32f100\mcal_osc.cpp">
      <Filter>src\mcal\stm32f100</Filter>
    </ClCompile>
    <ClCompile Include="src\mcal\stm32f100\mcal_pwm.cpp">
      <Filter>src\mcal\stm32f100</Filter>
    </ClCompile>
    <ClCompile Include="src\mcal\stm32f100\mcal_port.cpp">
      <Filter>src\mcal\stm32f100</Filter>
    </ClCompile>
    <ClCompile Include="src\mcal\am335x\mcal_cpu.cpp">
      <Filter>src\mcal\am335x</Filter>
    </ClCompile>
    <ClCompile Include="src\mcal\am335x\mcal_gpt.cpp">
      <Filter>src\mcal\am335x</Filter>
    </ClCompile>
    <ClCompile Include="src\mcal\am335x\mcal_irq.cpp">
      <Filter>src\mcal\am335x</Filter>
    </ClCompile>
    <ClCompile Include="src\mcal\am335x\mcal_led.cpp">
      <Filter>src\mcal\am335x</Filter>
    </ClCompile>
    <ClCompile Include="src\mcal\am335x\mcal_osc.cpp">
      <Filter>src\mcal\am335x</Filter>
    </ClCompile>
    <ClCompile Include="src\mcal\am335x\mcal_port.cpp">
      <Filter>src\mcal\am335x</Filter>
    </ClCompile>
    <ClCompile Include="src\mcal\am335x\mcal_pwm.cpp">
      <Filter>src\mcal\am335x</Filter>
    </ClCompile>
    <ClCompile Include="src\mcal\mcal_gcc_cxx_completion.cpp">
      <Filter>src\mcal</Filter>
    </ClCompile>
    <ClCompile Include="src\mcal\am335x\mcal_wdg.cpp">
      <Filter>src\mcal\am335x</Filter>
    </ClCompile>
    <ClCompile Include="src\os\os_task_control_block.cpp">
      <Filter>src\os</Filter>
    </ClCompile>
    <ClCompile Include="src\util\STD_LIBC\memory.c">
      <Filter>src\util\STD_LIBC</Filter>
    </ClCompile>
    <ClCompile Include="src\mcal\stm32f407\mcal_cpu.cpp">
      <Filter>src\mcal\stm32f407</Filter>
    </ClCompile>
    <ClCompile Include="src\mcal\stm32f407\mcal_gpt.cpp">
      <Filter>src\mcal\stm32f407</Filter>
    </ClCompile>
    <ClCompile Include="src\mcal\stm32f407\mcal_irq.cpp">
      <Filter>src\mcal\stm32f407</Filter>
    </ClCompile>
    <ClCompile Include="src\mcal\stm32f407\mcal_led.cpp">
      <Filter>src\mcal\stm32f407</Filter>
    </ClCompile>
    <ClCompile Include="src\mcal\stm32f407\mcal_osc.cpp">
      <Filter>src\mcal\stm32f407</Filter>
    </ClCompile>
    <ClCompile Include="src\mcal\stm32f407\mcal_port.cpp">
      <Filter>src\mcal\stm32f407</Filter>
    </ClCompile>
    <ClCompile Include="src\mcal\stm32f407\mcal_pwm.cpp">
      <Filter>src\mcal\stm32f407</Filter>
    </ClCompile>
    <ClCompile Include="src\mcal\stm32f407\mcal_wdg.cpp">
      <Filter>src\mcal\stm32f407</Filter>
    </ClCompile>
    <ClCompile Include="src\util\STL\impl\cmath_impl_hyperbolic.cpp">
      <Filter>src\util\STL\impl</Filter>
    </ClCompile>
    <ClCompile Include="src\util\STL\impl\cmath_impl_gamma.cpp">
      <Filter>src\util\STL\impl</Filter>
    </ClCompile>
    <ClCompile Include="src\mcal\rl78\mcal_cpu.cpp">
      <Filter>src\mcal\rl78</Filter>
    </ClCompile>
    <ClCompile Include="src\mcal\rl78\mcal_gpt.cpp">
      <Filter>src\mcal\rl78</Filter>
    </ClCompile>
    <ClCompile Include="src\mcal\rl78\mcal_irq.cpp">
      <Filter>src\mcal\rl78</Filter>
    </ClCompile>
    <ClCompile Include="src\mcal\rl78\mcal_led.cpp">
      <Filter>src\mcal\rl78</Filter>
    </ClCompile>
    <ClCompile Include="src\mcal\rl78\mcal_osc.cpp">
      <Filter>src\mcal\rl78</Filter>
    </ClCompile>
    <ClCompile Include="src\mcal\rl78\mcal_port.cpp">
      <Filter>src\mcal\rl78</Filter>
    </ClCompile>
    <ClCompile Include="src\mcal\rl78\mcal_pwm.cpp">
      <Filter>src\mcal\rl78</Filter>
    </ClCompile>
    <ClCompile Include="src\mcal\rl78\mcal_wdg.cpp">
      <Filter>src\mcal\rl78</Filter>
    </ClCompile>
    <ClCompile Include="src\mcal\stm32f429\mcal_cpu.cpp">
      <Filter>src\mcal\stm32f429</Filter>
    </ClCompile>
    <ClCompile Include="src\mcal\stm32f429\mcal_gpt.cpp">
      <Filter>src\mcal\stm32f429</Filter>
    </ClCompile>
    <ClCompile Include="src\mcal\stm32f429\mcal_irq.cpp">
      <Filter>src\mcal\stm32f429</Filter>
    </ClCompile>
    <ClCompile Include="src\mcal\stm32f429\mcal_led.cpp">
      <Filter>src\mcal\stm32f429</Filter>
    </ClCompile>
    <ClCompile Include="src\mcal\stm32f429\mcal_osc.cpp">
      <Filter>src\mcal\stm32f429</Filter>
    </ClCompile>
    <ClCompile Include="src\mcal\stm32f429\mcal_port.cpp">
      <Filter>src\mcal\stm32f429</Filter>
    </ClCompile>
    <ClCompile Include="src\mcal\stm32f429\mcal_pwm.cpp">
      <Filter>src\mcal\stm32f429</Filter>
    </ClCompile>
    <ClCompile Include="src\mcal\stm32f429\mcal_wdg.cpp">
      <Filter>src\mcal\stm32f429</Filter>
    </ClCompile>
    <ClCompile Include="src\mcal\am335x\mcal_cpu_detail.cpp">
      <Filter>src\mcal\am335x</Filter>
    </ClCompile>
    <ClCompile Include="src\mcal\am335x\mcal_cpu_detail_secure.cpp">
      <Filter>src\mcal\am335x</Filter>
    </ClCompile>
    <ClCompile Include="src\mcal\rx63n\mcal_cpu.cpp">
      <Filter>src\mcal\rx63n</Filter>
    </ClCompile>
    <ClCompile Include="src\mcal\rx63n\mcal_gpt.cpp">
      <Filter>src\mcal\rx63n</Filter>
    </ClCompile>
    <ClCompile Include="src\mcal\rx63n\mcal_irq.cpp">
      <Filter>src\mcal\rx63n</Filter>
    </ClCompile>
    <ClCompile Include="src\mcal\rx63n\mcal_led.cpp">
      <Filter>src\mcal\rx63n</Filter>
    </ClCompile>
    <ClCompile Include="src\mcal\rx63n\mcal_osc.cpp">
      <Filter>src\mcal\rx63n</Filter>
    </ClCompile>
    <ClCompile Include="src\mcal\rx63n\mcal_port.cpp">
      <Filter>src\mcal\rx63n</Filter>
    </ClCompile>
    <ClCompile Include="src\mcal\rx63n\mcal_pwm.cpp">
      <Filter>src\mcal\rx63n</Filter>
    </ClCompile>
    <ClCompile Include="src\mcal\rx63n\mcal_wdg.cpp">
      <Filter>src\mcal\rx63n</Filter>
    </ClCompile>
    <ClCompile Include="src\mcal\stm32f407\mcal_spi.cpp">
      <Filter>src\mcal\stm32f407</Filter>
    </ClCompile>
    <ClCompile Include="src\mcal\am335x\mcal_spi.cpp">
      <Filter>src\mcal\am335x</Filter>
    </ClCompile>
    <ClCompile Include="src\mcal\rl78\mcal_spi.cpp">
      <Filter>src\mcal\rl78</Filter>
    </ClCompile>
    <ClCompile Include="src\mcal\rx63n\mcal_spi.cpp">
      <Filter>src\mcal\rx63n</Filter>
    </ClCompile>
    <ClCompile Include="src\mcal\stm32f100\mcal_spi.cpp">
      <Filter>src\mcal\stm32f100</Filter>
    </ClCompile>
    <ClCompile Include="src\mcal\stm32f429\mcal_spi.cpp">
      <Filter>src\mcal\stm32f429</Filter>
    </ClCompile>
    <ClCompile Include="src\mcal\bcm2835_raspi_b\mcal_cpu.cpp">
      <Filter>src\mcal\bcm2835_raspi_b</Filter>
    </ClCompile>
    <ClCompile Include="src\mcal\bcm2835_raspi_b\mcal_gpt.cpp">
      <Filter>src\mcal\bcm2835_raspi_b</Filter>
    </ClCompile>
    <ClCompile Include="src\mcal\bcm2835_raspi_b\mcal_irq.cpp">
      <Filter>src\mcal\bcm2835_raspi_b</Filter>
    </ClCompile>
    <ClCompile Include="src\mcal\bcm2835_raspi_b\mcal_led.cpp">
      <Filter>src\mcal\bcm2835_raspi_b</Filter>
    </ClCompile>
    <ClCompile Include="src\mcal\bcm2835_raspi_b\mcal_osc.cpp">
      <Filter>src\mcal\bcm2835_raspi_b</Filter>
    </ClCompile>
    <ClCompile Include="src\mcal\bcm2835_raspi_b\mcal_port.cpp">
      <Filter>src\mcal\bcm2835_raspi_b</Filter>
    </ClCompile>
    <ClCompile Include="src\mcal\bcm2835_raspi_b\mcal_pwm.cpp">
      <Filter>src\mcal\bcm2835_raspi_b</Filter>
    </ClCompile>
    <ClCompile Include="src\mcal\bcm2835_raspi_b\mcal_spi.cpp">
      <Filter>src\mcal\bcm2835_raspi_b</Filter>
    </ClCompile>
    <ClCompile Include="src\mcal\bcm2835_raspi_b\mcal_wdg.cpp">
      <Filter>src\mcal\bcm2835_raspi_b</Filter>
    </ClCompile>
    <ClCompile Include="src\mcal\stm32f429\mcal_osc_detail.cpp">
      <Filter>src\mcal\stm32f429</Filter>
    </ClCompile>
    <ClCompile Include="src\mcal\stm32f407\mcal_osc_detail.cpp">
      <Filter>src\mcal\stm32f407</Filter>
    </ClCompile>
    <ClCompile Include="src\app\benchmark\app_benchmark.cpp">
      <Filter>src\app\benchmark</Filter>
    </ClCompile>
    <ClCompile Include="src\mcal\stm32l152\mcal_cpu.cpp">
      <Filter>src\mcal\stm32l152</Filter>
    </ClCompile>
    <ClCompile Include="src\mcal\stm32l152\mcal_gpt.cpp">
      <Filter>src\mcal\stm32l152</Filter>
    </ClCompile>
    <ClCompile Include="src\mcal\stm32l152\mcal_irq.cpp">
      <Filter>src\mcal\stm32l152</Filter>
    </ClCompile>
    <ClCompile Include="src\mcal\stm32l152\mcal_led.cpp">
      <Filter>src\mcal\stm32l152</Filter>
    </ClCompile>
    <ClCompile Include="src\mcal\stm32l152\mcal_osc.cpp">
      <Filter>src\mcal\stm32l152</Filter>
    </ClCompile>
    <ClCompile Include="src\mcal\stm32l152\mcal_port.cpp">
      <Filter>src\mcal\stm32l152</Filter>
    </ClCompile>
    <ClCompile Include="src\mcal\stm32l152\mcal_pwm.cpp">
      <Filter>src\mcal\stm32l152</Filter>
    </ClCompile>
    <ClCompile Include="src\mcal\stm32l152\mcal_spi.cpp">
      <Filter>src\mcal\stm32l152</Filter>
    </ClCompile>
    <ClCompile Include="src\mcal\stm32l152\mcal_wdg.cpp">
      <Filter>src\mcal\stm32l152</Filter>
    </ClCompile>
    <ClCompile Include="src\app\benchmark\app_benchmark_crc.cpp">
      <Filter>src\app\benchmark</Filter>
    </ClCompile>
    <ClCompile Include="src\app\benchmark\app_benchmark_complex.cpp">
      <Filter>src\app\benchmark</Filter>
    </ClCompile>
    <ClCompile Include="src\app\benchmark\app_benchmark_filter.cpp">
      <Filter>src\app\benchmark</Filter>
    </ClCompile>
    <ClCompile Include="src\app\benchmark\app_benchmark_float.cpp">
      <Filter>src\app\benchmark</Filter>
    </ClCompile>
    <ClCompile Include="src\app\benchmark\app_benchmark_wide_integer.cpp">
      <Filter>src\app\benchmark</Filter>
    </ClCompile>
    <ClCompile Include="src\app\benchmark\app_benchmark_fixed_point.cpp">
      <Filter>src\app\benchmark</Filter>
    </ClCompile>
    <ClCompile Include="src\mcal\stm32f446\mcal_cpu.cpp">
      <Filter>src\mcal\stm32f446</Filter>
    </ClCompile>
    <ClCompile Include="src\mcal\stm32f446\mcal_eep.cpp">
      <Filter>src\mcal\stm32f446</Filter>
    </ClCompile>
    <ClCompile Include="src\mcal\stm32f446\mcal_gpt.cpp">
      <Filter>src\mcal\stm32f446</Filter>
    </ClCompile>
    <ClCompile Include="src\mcal\stm32f446\mcal_irq.cpp">
      <Filter>src\mcal\stm32f446</Filter>
    </ClCompile>
    <ClCompile Include="src\mcal\stm32f446\mcal_led.cpp">
      <Filter>src\mcal\stm32f446</Filter>
    </ClCompile>
    <ClCompile Include="src\mcal\stm32f446\mcal_osc.cpp">
      <Filter>src\mcal\stm32f446</Filter>
    </ClCompile>
    <ClCompile Include="src\mcal\stm32f446\mcal_osc_detail.cpp">
      <Filter>src\mcal\stm32f446</Filter>
    </ClCompile>
    <ClCompile Include="src\mcal\stm32f446\mcal_port.cpp">
      <Filter>src\mcal\stm32f446</Filter>
    </ClCompile>
    <ClCompile Include="src\mcal\stm32f446\mcal_pwm.cpp">
      <Filter>src\mcal\stm32f446</Filter>
    </ClCompile>
    <ClCompile Include="src\mcal\stm32f446\mcal_spi.cpp">
      <Filter>src\mcal\stm32f446</Filter>
    </ClCompile>
    <ClCompile Include="src\mcal\stm32f446\mcal_wdg.cpp">
      <Filter>src\mcal\stm32f446</Filter>
    </ClCompile>
    <ClCompile Include="src\mcal\xtensa32\mcal_cpu.cpp">
      <Filter>src\mcal\xtensa32</Filter>
    </ClCompile>
    <ClCompile Include="src\mcal\xtensa32\mcal_eep.cpp">
      <Filter>src\mcal\xtensa32</Filter>
    </ClCompile>
    <ClCompile Include="src\mcal\xtensa32\mcal_gpt.cpp">
      <Filter>src\mcal\xtensa32</Filter>
    </ClCompile>
    <ClCompile Include="src\mcal\xtensa32\mcal_irq.cpp">
      <Filter>src\mcal\xtensa32</Filter>
    </ClCompile>
    <ClCompile Include="src\mcal\xtensa32\mcal_led.cpp">
      <Filter>src\mcal\xtensa32</Filter>
    </ClCompile>
    <ClCompile Include="src\mcal\xtensa32\mcal_osc.cpp">
      <Filter>src\mcal\xtensa32</Filter>
    </ClCompile>
    <ClCompile Include="src\mcal\xtensa32\mcal_port.cpp">
      <Filter>src\mcal\xtensa32</Filter>
    </ClCompile>
    <ClCompile Include="src\mcal\xtensa32\mcal_pwm.cpp">
      <Filter>src\mcal\xtensa32</Filter>
    </ClCompile>
    <ClCompile Include="src\mcal\xtensa32\mcal_spi.cpp">
      <Filter>src\mcal\xtensa32</Filter>
    </ClCompile>
    <ClCompile Include="src\mcal\xtensa32\mcal_wdg.cpp">
      <Filter>src\mcal\xtensa32</Filter>
    </ClCompile>
    <ClCompile Include="src\app\benchmark\app_benchmark_fast_math.cpp">
      <Filter>src\app\benchmark</Filter>
    </ClCompile>
    <ClCompile Include="src\mcal\bcm2835_raspi_b\mcal_eep.cpp">
      <Filter>src\mcal\bcm2835_raspi_b</Filter>
    </ClCompile>
    <ClCompile Include="src\mcal\am335x\mcal_eep.cpp">
      <Filter>src\mcal\am335x</Filter>
    </ClCompile>
    <ClCompile Include="src\mcal\rl78\mcal_eep.cpp">
      <Filter>src\mcal\rl78</Filter>
    </ClCompile>
    <ClCompile Include="src\mcal\rx63n\mcal_eep.cpp">
      <Filter>src\mcal\rx63n</Filter>
    </ClCompile>
    <ClCompile Include="src\mcal\stm32f100\mcal_eep.cpp">
      <Filter>src\mcal\stm32f100</Filter>
    </ClCompile>
    <ClCompile Include="src\mcal\stm32f407\mcal_eep.cpp">
      <Filter>src\mcal\stm32f407</Filter>
    </ClCompile>
    <ClCompile Include="src\mcal\stm32f429\mcal_eep.cpp">
      <Filter>src\mcal\stm32f429</Filter>
    </ClCompile>
    <ClCompile Include="src\mcal\stm32l152\mcal_eep.cpp">
      <Filter>src\mcal\stm32l152</Filter>
    </ClCompile>
    <ClCompile Include="src\mcal\lpc11c24\mcal_cpu.cpp">
      <Filter>src\mcal\lpc11c24</Filter>
    </ClCompile>
    <ClCompile Include="src\mcal\lpc11c24\mcal_eep.cpp">
      <Filter>src\mcal\lpc11c24</Filter>
    </ClCompile>
    <ClCompile Include="src\mcal\lpc11c24\mcal_gpt.cpp">
      <Filter>src\mcal\lpc11c24</Filter>
    </ClCompile>
    <ClCompile Include="src\mcal\lpc11c24\mcal_irq.cpp">
      <Filter>src\mcal\lpc11c24</Filter>
    </ClCompile>
    <ClCompile Include="src\mcal\lpc11c24\mcal_led.cpp">
      <Filter>src\mcal\lpc11c24</Filter>
    </ClCompile>
    <ClCompile Include="src\mcal\lpc11c24\mcal_osc.cpp">
      <Filter>src\mcal\lpc11c24</Filter>
    </ClCompile>
    <ClCompile Include="src\mcal\lpc11c24\mcal_port.cpp">
      <Filter>src\mcal\lpc11c24</Filter>
    </ClCompile>
    <ClCompile Include="src\mcal\lpc11c24\mcal_pwm.cpp">
      <Filter>src\mcal\lpc11c24</Filter>
    </ClCompile>
    <ClCompile Include="src\mcal\lpc11c24\mcal_spi.cpp">
      <Filter>src\mcal\lpc11c24</Filter>
    </ClCompile>
    <ClCompile Include="src\mcal\lpc11c24\mcal_wdg.cpp">
      <Filter>src\mcal\lpc11c24</Filter>
    </ClCompile>
    <ClCompile Include="src\mcal\x86_64-w64-mingw32\mcal_eep.cpp">
      <Filter>src\mcal\x86_64-w64-mingw32</Filter>
    </ClCompile>
    <ClCompile Include="src\mcal\x86_64-w64-mingw32\mcal_gpt.cpp">
      <Filter>src\mcal\x86_64-w64-mingw32</Filter>
    </ClCompile>
    <ClCompile Include="src\mcal\x86_64-w64-mingw32\mcal_led.cpp">
      <Filter>src\mcal\x86_64-w64-mingw32</Filter>
    </ClCompile>
    <ClCompile Include="src\mcal\x86_64-w64-mingw32\mcal_pwm.cpp">
      <Filter>src\mcal\x86_64-w64-mingw32</Filter>
    </ClCompile>
    <ClCompile Include="src\mcal\x86_64-w64-mingw32\mcal_wdg.cpp">
      <Filter>src\mcal\x86_64-w64-mingw32</Filter>
    </ClCompile>
    <ClCompile Include="src\mcal\x86_64-w64-mingw32\mcal_wdg_watchdog.cpp">
      <Filter>src\mcal\x86_64-w64-mingw32</Filter>
    </ClCompile>
    <ClCompile Include="src\mcal\x86_64-w64-mingw32\mcal_cpu.cpp">
      <Filter>src\mcal\x86_64-w64-mingw32</Filter>
    </ClCompile>
    <ClCompile Include="src\mcal\x86_64-w64-mingw32\mcal_irq.cpp">
      <Filter>src\mcal\x86_64-w64-mingw32</Filter>
    </ClCompile>
    <ClCompile Include="src\mcal\x86_64-w64-mingw32\mcal_osc.cpp">
      <Filter>src\mcal\x86_64-w64-mingw32</Filter>
    </ClCompile>
    <ClCompile Include="src\mcal\x86_64-w64-mingw32\mcal_port.cpp">
      <Filter>src\mcal\x86_64-w64-mingw32</Filter>
    </ClCompile>
    <ClCompile Include="src\mcal\x86_64-w64-mingw32\mcal_spi.cpp">
      <Filter>src\mcal\x86_64-w64-mingw32</Filter>
    </ClCompile>
    <ClCompile Include="src\mcal\mcal.cpp">
      <Filter>src\mcal</Filter>
    </ClCompile>
    <ClCompile Include="src\mcal\atmega2560\mcal_cpu.cpp">
      <Filter>src\mcal\atmega2560</Filter>
    </ClCompile>
    <ClCompile Include="src\mcal\atmega2560\mcal_eep.cpp">
      <Filter>src\mcal\atmega2560</Filter>
    </ClCompile>
    <ClCompile Include="src\mcal\atmega2560\mcal_gpt.cpp">
      <Filter>src\mcal\atmega2560</Filter>
    </ClCompile>
    <ClCompile Include="src\mcal\atmega2560\mcal_irq.cpp">
      <Filter>src\mcal\atmega2560</Filter>
    </ClCompile>
    <ClCompile Include="src\mcal\atmega2560\mcal_led.cpp">
      <Filter>src\mcal\atmega2560</Filter>
    </ClCompile>
    <ClCompile Include="src\mcal\atmega2560\mcal_osc.cpp">
      <Filter>src\mcal\atmega2560</Filter>
    </ClCompile>
    <ClCompile Include="src\mcal\atmega2560\mcal_port.cpp">
      <Filter>src\mcal\atmega2560</Filter>
    </ClCompile>
    <ClCompile Include="src\mcal\atmega2560\mcal_pwm.cpp">
      <Filter>src\mcal\atmega2560</Filter>
    </ClCompile>
    <ClCompile Include="src\mcal\atmega2560\mcal_spi.cpp">
      <Filter>src\mcal\atmega2560</Filter>
    </ClCompile>
    <ClCompile Include="src\mcal\atmega2560\mcal_wdg.cpp">
      <Filter>src\mcal\atmega2560</Filter>
    </ClCompile>
    <ClCompile Include="src\app\benchmark\app_benchmark_pi_spigot.cpp">
      <Filter>src\app\benchmark</Filter>
    </ClCompile>
    <ClCompile Include="src\mcal\stm32l100c\mcal_gpt.cpp">
      <Filter>src\mcal\stm32l100c</Filter>
    </ClCompile>
    <ClCompile Include="src\mcal\stm32l100c\mcal_irq.cpp">
      <Filter>src\mcal\stm32l100c</Filter>
    </ClCompile>
    <ClCompile Include="src\mcal\stm32l100c\mcal_led.cpp">
      <Filter>src\mcal\stm32l100c</Filter>
    </ClCompile>
    <ClCompile Include="src\mcal\stm32l100c\mcal_osc.cpp">
      <Filter>src\mcal\stm32l100c</Filter>
    </ClCompile>
    <ClCompile Include="src\mcal\stm32l100c\mcal_port.cpp">
      <Filter>src\mcal\stm32l100c</Filter>
    </ClCompile>
    <ClCompile Include="src\mcal\stm32l100c\mcal_pwm.cpp">
      <Filter>src\mcal\stm32l100c</Filter>
    </ClCompile>
    <ClCompile Include="src\mcal\stm32l100c\mcal_spi.cpp">
      <Filter>src\mcal\stm32l100c</Filter>
    </ClCompile>
    <ClCompile Include="src\mcal\stm32l100c\mcal_wdg.cpp">
      <Filter>src\mcal\stm32l100c</Filter>
    </ClCompile>
    <ClCompile Include="src\mcal\stm32l100c\mcal_cpu.cpp">
      <Filter>src\mcal\stm32l100c</Filter>
    </ClCompile>
    <ClCompile Include="src\mcal\stm32l100c\mcal_eep.cpp">
      <Filter>src\mcal\stm32l100c</Filter>
    </ClCompile>
    <ClCompile Include="src\mcal\host\mcal_gpt.cpp">
      <Filter>src\mcal\host</Filter>
    </ClCompile>
    <ClCompile Include="src\mcal\host\mcal_irq.cpp">
      <Filter>src\mcal\host</Filter>
    </ClCompile>
    <ClCompile Include="src\mcal\host\mcal_led.cpp">
      <Filter>src\mcal\host</Filter>
    </ClCompile>
    <ClCompile Include="src\mcal\host\mcal_osc.cpp">
      <Filter>src\mcal\host</Filter>
    </ClCompile>
    <ClCompile Include="src\mcal\host\mcal_port.cpp">
      <Filter>src\mcal\host</Filter>
    </ClCompile>
    <ClCompile Include="src\mcal\host\mcal_pwm.cpp">
      <Filter>src\mcal\host</Filter>
    </ClCompile>
    <ClCompile Include="src\mcal\host\mcal_spi.cpp">
      <Filter>src\mcal\host</Filter>
    </ClCompile>
    <ClCompile Include="src\mcal\host\mcal_wdg.cpp">
      <Filter>src\mcal\host</Filter>
    </ClCompile>
    <ClCompile Include="src\mcal\host\mcal_wdg_watchdog.cpp">
      <Filter>src\mcal\host</Filter>
    </ClCompile>
    <ClCompile Include="src\mcal\host\mcal_cpu.cpp">
      <Filter>src\mcal\host</Filter>
    </ClCompile>
    <ClCompile Include="src\mcal\host\mcal_eep.cpp">
      <Filter>src\mcal\host</Filter>
    </ClCompile>
    <ClCompile Include="src\mcal\avr\mcal_eep.cpp">
      <Filter>src\mcal\avr</Filter>
    </ClCompile>
    <ClCompile Include="src\mcal\avr\mcal_gpt.cpp">
      <Filter>src\mcal\avr</Filter>
    </ClCompile>
    <ClCompile Include="src\mcal\avr\mcal_irq.cpp">
      <Filter>src\mcal\avr</Filter>
    </ClCompile>
    <ClCompile Include="src\mcal\avr\mcal_led.cpp">
      <Filter>src\mcal\avr</Filter>
    </ClCompile>
    <ClCompile Include="src\mcal\avr\mcal_osc.cpp">
      <Filter>src\mcal\avr</Filter>
    </ClCompile>
    <ClCompile Include="src\mcal\avr\mcal_port.cpp">
      <Filter>src\mcal\avr</Filter>
    </ClCompile>
    <ClCompile Include="src\mcal\avr\mcal_pwm.cpp">
      <Filter>src\mcal\avr</Filter>
    </ClCompile>
    <ClCompile Include="src\mcal\avr\mcal_spi.cpp">
      <Filter>src\mcal\avr</Filter>
    </ClCompile>
    <ClCompile Include="src\mcal\avr\mcal_wdg.cpp">
      <Filter>src\mcal\avr</Filter>
    </ClCompile>
    <ClCompile Include="src\mcal\avr\mcal_cpu.cpp">
      <Filter>src\mcal\avr</Filter>
    </ClCompile>
    <ClCompile Include="src\app\benchmark\app_benchmark_pi_spigot_single.cpp">
      <Filter>src\app\benchmark</Filter>
    </ClCompile>
    <ClCompile Include="src\util\STL\impl\avr\avr_hardware_random_device.cpp">
      <Filter>src\util\STL\impl\avr</Filter>
    </ClCompile>
    <ClCompile Include="src\app\benchmark\app_benchmark_hash.cpp">
      <Filter>src\app\benchmark</Filter>
    </ClCompile>
    <ClCompile Include="src\mcal\bcm2835_raspi_b\mcal_cpu_detail.cpp">
      <Filter>src\mcal\bcm2835_raspi_b</Filter>
    </ClCompile>
    <ClCompile Include="src\mcal\xtensa32\from_sdk\esp32-hal-gpio.c">
      <Filter>src\mcal\xtensa32\from_sdk</Filter>
    </ClCompile>
    <ClCompile Include="src\app\benchmark\app_benchmark_wide_decimal.cpp">
      <Filter>src\app\benchmark</Filter>
    </ClCompile>
    <ClCompile Include="src\app\benchmark\app_benchmark_trapezoid_integral.cpp">
      <Filter>src\app\benchmark</Filter>
    </ClCompile>
    <ClCompile Include="src\app\benchmark\app_benchmark_pi_agm.cpp">
      <Filter>src\app\benchmark</Filter>
    </ClCompile>
    <ClCompile Include="src\mcal\atmega4809\mcal_osc.cpp">
      <Filter>src\mcal\atmega4809</Filter>
    </ClCompile>
    <ClCompile Include="src\mcal\atmega4809\mcal_port.cpp">
      <Filter>src\mcal\atmega4809</Filter>
    </ClCompile>
    <ClCompile Include="src\mcal\atmega4809\mcal_pwm.cpp">
      <Filter>src\mcal\atmega4809</Filter>
    </ClCompile>
    <ClCompile Include="src\mcal\atmega4809\mcal_spi.cpp">
      <Filter>src\mcal\atmega4809</Filter>
    </ClCompile>
    <ClCompile Include="src\mcal\atmega4809\mcal_wdg.cpp">
      <Filter>src\mcal\atmega4809</Filter>
    </ClCompile>
    <ClCompile Include="src\mcal\atmega4809\mcal_cpu.cpp">
      <Filter>src\mcal\atmega4809</Filter>
    </ClCompile>
    <ClCompile Include="src\mcal\atmega4809\mcal_eep.cpp">
      <Filter>src\mcal\atmega4809</Filter>
    </ClCompile>
    <ClCompile Include="src\mcal\atmega4809\mcal_gpt.cpp">
      <Filter>src\mcal\atmega4809</Filter>
    </ClCompile>
    <ClCompile Include="src\mcal\atmega4809\mcal_irq.cpp">
      <Filter>src\mcal\atmega4809</Filter>
    </ClCompile>
    <ClCompile Include="src\mcal\atmega4809\mcal_led.cpp">
      <Filter>src\mcal\atmega4809</Filter>
    </ClCompile>
    <ClCompile Include="src\mcal\atmega4809\mcal_memory_sram.cpp">
      <Filter>src\mcal\atmega4809</Filter>
    </ClCompile>
    <ClCompile Include="src\app\benchmark\app_benchmark_none.cpp">
      <Filter>src\app\benchmark</Filter>
    </ClCompile>
    <ClCompile Include="src\app\benchmark\app_benchmark_boost_math_cbrt_tgamma.cpp">
      <Filter>src\app\benchmark</Filter>
    </ClCompile>
    <ClCompile Include="src\app\benchmark\app_benchmark_cnl_scaled_integer.cpp">
      <Filter>src\app\benchmark</Filter>
    </ClCompile>
    <ClCompile Include="src\app\benchmark\app_benchmark_soft_double_h2f1.cpp">
      <Filter>src\app\benchmark</Filter>
    </ClCompile>
    <ClCompile Include="src\app\benchmark\app_benchmark_boost_multiprecision_cbrt.cpp">
      <Filter>src\app\benchmark</Filter>
    </ClCompile>
    <ClCompile Include="src\mcal\mcal_gcc_cxx_completion_with_stdlib.cpp">
      <Filter>src\mcal</Filter>
    </ClCompile>
    <ClCompile Include="src\mcal\v850es_fx2\mcal_cpu.cpp">
      <Filter>src\mcal\v850es_fx2</Filter>
    </ClCompile>
    <ClCompile Include="src\mcal\v850es_fx2\mcal_eep.cpp">
      <Filter>src\mcal\v850es_fx2</Filter>
    </ClCompile>
    <ClCompile Include="src\mcal\v850es_fx2\mcal_gpt.cpp">
      <Filter>src\mcal\v850es_fx2</Filter>
    </ClCompile>
    <ClCompile Include="src\mcal\v850es_fx2\mcal_irq.cpp">
      <Filter>src\mcal\v850es_fx2</Filter>
    </ClCompile>
    <ClCompile Include="src\mcal\v850es_fx2\mcal_led.cpp">
      <Filter>src\mcal\v850es_fx2</Filter>
    </ClCompile>
    <ClCompile Include="src\mcal\v850es_fx2\mcal_osc.cpp">
      <Filter>src\mcal\v850es_fx2</Filter>
    </ClCompile>
    <ClCompile Include="src\mcal\v850es_fx2\mcal_port.cpp">
      <Filter>src\mcal\v850es_fx2</Filter>
    </ClCompile>
    <ClCompile Include="src\mcal\v850es_fx2\mcal_pwm.cpp">
      <Filter>src\mcal\v850es_fx2</Filter>
    </ClCompile>
    <ClCompile Include="src\mcal\v850es_fx2\mcal_spi.cpp">
      <Filter>src\mcal\v850es_fx2</Filter>
    </ClCompile>
    <ClCompile Include="src\mcal\v850es_fx2\mcal_wdg.cpp">
      <Filter>src\mcal\v850es_fx2</Filter>
    </ClCompile>
    <ClCompile Include="src\mcal\v850es_fx2\mcal_gpt_tick.c">
      <Filter>src\mcal\v850es_fx2</Filter>
    </ClCompile>
    <ClCompile Include="src\mcal\stm32h7a3\mcal_led.cpp">
      <Filter>src\mcal\stm32h7a3</Filter>
    </ClCompile>
    <ClCompile Include="src\mcal\stm32h7a3\mcal_osc.cpp">
      <Filter>src\mcal\stm32h7a3</Filter>
    </ClCompile>
    <ClCompile Include="src\mcal\stm32h7a3\mcal_port.cpp">
      <Filter>src\mcal\stm32h7a3</Filter>
    </ClCompile>
    <ClCompile Include="src\mcal\stm32h7a3\mcal_pwm.cpp">
      <Filter>src\mcal\stm32h7a3</Filter>
    </ClCompile>
    <ClCompile Include="src\mcal\stm32h7a3\mcal_spi.cpp">
      <Filter>src\mcal\stm32h7a3</Filter>
    </ClCompile>
    <ClCompile Include="src\mcal\stm32h7a3\mcal_wdg.cpp">
      <Filter>src\mcal\stm32h7a3</Filter>
    </ClCompile>
    <ClCompile Include="src\mcal\stm32h7a3\mcal_cpu.cpp">
      <Filter>src\mcal\stm32h7a3</Filter>
    </ClCompile>
    <ClCompile Include="src\mcal\stm32h7a3\mcal_eep.cpp">
      <Filter>src\mcal\stm32h7a3</Filter>
    </ClCompile>
    <ClCompile Include="src\mcal\stm32h7a3\mcal_gpt.cpp">
      <Filter>src\mcal\stm32h7a3</Filter>
    </ClCompile>
    <ClCompile Include="src\mcal\stm32h7a3\mcal_irq.cpp">
      <Filter>src\mcal\stm32h7a3</Filter>
    </ClCompile>
    <ClCompile Include="src\mcal\riscvfe310\mcal_gpt.cpp">
      <Filter>src\mcal\riscvfe310</Filter>
    </ClCompile>
    <ClCompile Include="src\mcal\riscvfe310\mcal_led.cpp">
      <Filter>src\mcal\riscvfe310</Filter>
    </ClCompile>
    <ClCompile Include="src\mcal\riscvfe310\mcal_cpu.cpp">
      <Filter>src\mcal\riscvfe310</Filter>
    </ClCompile>
    <ClCompile Include="src\mcal\riscvfe310\mcal_eep.cpp">
      <Filter>src\mcal\riscvfe310</Filter>
    </ClCompile>
    <ClCompile Include="src\mcal\riscvfe310\mcal_irq.cpp">
      <Filter>src\mcal\riscvfe310</Filter>
    </ClCompile>
    <ClCompile Include="src\mcal\riscvfe310\mcal_osc.cpp">
      <Filter>src\mcal\riscvfe310</Filter>
    </ClCompile>
    <ClCompile Include="src\mcal\riscvfe310\mcal_port.cpp">
      <Filter>src\mcal\riscvfe310</Filter>
    </ClCompile>
    <ClCompile Include="src\mcal\riscvfe310\mcal_pwm.cpp">
      <Filter>src\mcal\riscvfe310</Filter>
    </ClCompile>
    <ClCompile Include="src\mcal\riscvfe310\mcal_spi.cpp">
      <Filter>src\mcal\riscvfe310</Filter>
    </ClCompile>
    <ClCompile Include="src\mcal\riscvfe310\mcal_wdg.cpp">
      <Filter>src\mcal\riscvfe310</Filter>
    </ClCompile>
  </ItemGroup>
  <ItemGroup>
    <ClInclude Include="src\math\calculus\derivative.h">
      <Filter>src\math\calculus</Filter>
    </ClInclude>
    <ClInclude Include="src\math\calculus\integral.h">
      <Filter>src\math\calculus</Filter>
    </ClInclude>
    <ClInclude Include="src\math\constants\constants.h">
      <Filter>src\math\constants</Filter>
    </ClInclude>
    <ClInclude Include="src\math\filters\fir_order_n.h">
      <Filter>src\math\filters</Filter>
    </ClInclude>
    <ClInclude Include="src\math\fixed_point\fixed_point.h">
      <Filter>src\math\fixed_point</Filter>
    </ClInclude>
    <ClInclude Include="src\util\utility\util_bit_mask.h">
      <Filter>src\util\utility</Filter>
    </ClInclude>
    <ClInclude Include="src\util\utility\util_noncopyable.h">
      <Filter>src\util\utility</Filter>
    </ClInclude>
    <ClInclude Include="src\util\utility\util_nothing.h">
      <Filter>src\util\utility</Filter>
    </ClInclude>
    <ClInclude Include="src\util\utility\util_time.h">
      <Filter>src\util\utility</Filter>
    </ClInclude>
    <ClInclude Include="src\util\utility\util_two_part_data_manipulation.h">
      <Filter>src\util\utility</Filter>
    </ClInclude>
    <ClInclude Include="src\util\utility\util_utype_helper.h">
      <Filter>src\util\utility</Filter>
    </ClInclude>
    <ClInclude Include="src\os\os.h">
      <Filter>src\os</Filter>
    </ClInclude>
    <ClInclude Include="src\os\os_cfg.h">
      <Filter>src\os</Filter>
    </ClInclude>
    <ClInclude Include="src\mcal\stm32f100\mcal_cpu.h">
      <Filter>src\mcal\stm32f100</Filter>
    </ClInclude>
    <ClInclude Include="src\mcal\stm32f100\mcal_gpt.h">
      <Filter>src\mcal\stm32f100</Filter>
    </ClInclude>
    <ClInclude Include="src\mcal\stm32f100\mcal_irq.h">
      <Filter>src\mcal\stm32f100</Filter>
    </ClInclude>
    <ClInclude Include="src\mcal\stm32f100\mcal_led.h">
      <Filter>src\mcal\stm32f100</Filter>
    </ClInclude>
    <ClInclude Include="src\mcal\stm32f100\mcal_pwm.h">
      <Filter>src\mcal\stm32f100</Filter>
    </ClInclude>
    <ClInclude Include="src\mcal\stm32f100\mcal_ser.h">
      <Filter>src\mcal\stm32f100</Filter>
    </ClInclude>
    <ClInclude Include="src\mcal\stm32f100\mcal_wdg.h">
      <Filter>src\mcal\stm32f100</Filter>
    </ClInclude>
    <ClInclude Include="src\mcal\stm32f100\mcal_osc.h">
      <Filter>src\mcal\stm32f100</Filter>
    </ClInclude>
    <ClInclude Include="src\mcal\stm32f100\mcal_spi.h">
      <Filter>src\mcal\stm32f100</Filter>
    </ClInclude>
    <ClInclude Include="src\util\STL\impl\avr\avr_atomic.h">
      <Filter>src\util\STL\impl\avr</Filter>
    </ClInclude>
    <ClInclude Include="src\util\memory\util_factory.h">
      <Filter>src\util\memory</Filter>
    </ClInclude>
    <ClInclude Include="src\util\memory\util_placed_pointer.h">
      <Filter>src\util\memory</Filter>
    </ClInclude>
    <ClInclude Include="src\util\utility\util_communication.h">
      <Filter>src\util\utility</Filter>
    </ClInclude>
    <ClInclude Include="src\util\utility\util_dynamic_array.h">
      <Filter>src\util\utility</Filter>
    </ClInclude>
    <ClInclude Include="src\util\memory\util_ring_allocator.h">
      <Filter>src\util\memory</Filter>
    </ClInclude>
    <ClInclude Include="src\util\memory\util_static_allocator.h">
      <Filter>src\util\memory</Filter>
    </ClInclude>
    <ClInclude Include="src\util\utility\util_circular_buffer.h">
      <Filter>src\util\utility</Filter>
    </ClInclude>
    <ClInclude Include="src\mcal\stm32f100\mcal_port.h">
      <Filter>src\mcal\stm32f100</Filter>
    </ClInclude>
    <ClInclude Include="src\util\utility\util_linear_interpolate.h">
      <Filter>src\util\utility</Filter>
    </ClInclude>
    <ClInclude Include="src\util\utility\util_point.h">
      <Filter>src\util\utility</Filter>
    </ClInclude>
    <ClInclude Include="src\mcal\stm32f100\mcal_reg.h">
      <Filter>src\mcal\stm32f100</Filter>
    </ClInclude>
    <ClInclude Include="src\mcal\am335x\mcal_cpu.h">
      <Filter>src\mcal\am335x</Filter>
    </ClInclude>
    <ClInclude Include="src\mcal\am335x\mcal_gpt.h">
      <Filter>src\mcal\am335x</Filter>
    </ClInclude>
    <ClInclude Include="src\mcal\am335x\mcal_irq.h">
      <Filter>src\mcal\am335x</Filter>
    </ClInclude>
    <ClInclude Include="src\mcal\am335x\mcal_led.h">
      <Filter>src\mcal\am335x</Filter>
    </ClInclude>
    <ClInclude Include="src\mcal\am335x\mcal_osc.h">
      <Filter>src\mcal\am335x</Filter>
    </ClInclude>
    <ClInclude Include="src\mcal\am335x\mcal_port.h">
      <Filter>src\mcal\am335x</Filter>
    </ClInclude>
    <ClInclude Include="src\mcal\am335x\mcal_pwm.h">
      <Filter>src\mcal\am335x</Filter>
    </ClInclude>
    <ClInclude Include="src\mcal\am335x\mcal_reg.h">
      <Filter>src\mcal\am335x</Filter>
    </ClInclude>
    <ClInclude Include="src\mcal\am335x\mcal_ser.h">
      <Filter>src\mcal\am335x</Filter>
    </ClInclude>
    <ClInclude Include="src\mcal\am335x\mcal_spi.h">
      <Filter>src\mcal\am335x</Filter>
    </ClInclude>
    <ClInclude Include="src\mcal\am335x\mcal_wdg.h">
      <Filter>src\mcal\am335x</Filter>
    </ClInclude>
    <ClInclude Include="src\os\os_task_control_block.h">
      <Filter>src\os</Filter>
    </ClInclude>
    <ClInclude Include="src\mcal\am335x\mcal_osc_shared.h">
      <Filter>src\mcal\am335x</Filter>
    </ClInclude>
    <ClInclude Include="src\util\safety\memory\util_safety_dram_memory_refresh.h">
      <Filter>src\util\safety\memory</Filter>
    </ClInclude>
    <ClInclude Include="src\util\safety\memory\util_safety_rom_memory_checksum.h">
      <Filter>src\util\safety\memory</Filter>
    </ClInclude>
    <ClInclude Include="src\util\safety\memory\util_safety_memory_block.h">
      <Filter>src\util\safety\memory</Filter>
    </ClInclude>
    <ClInclude Include="src\util\safety\memory\util_safety_memory_base.h">
      <Filter>src\util\safety\memory</Filter>
    </ClInclude>
    <ClInclude Include="src\util\safety\time\util_safety_max_time_since_service.h">
      <Filter>src\util\safety\time</Filter>
    </ClInclude>
    <ClInclude Include="src\util\safety\time\util_safety_max_time_of_process.h">
      <Filter>src\util\safety\time</Filter>
    </ClInclude>
    <ClInclude Include="src\util\safety\time\util_safety_max_time_base.h">
      <Filter>src\util\safety\time</Filter>
    </ClInclude>
    <ClInclude Include="src\mcal\stm32f407\mcal_cpu.h">
      <Filter>src\mcal\stm32f407</Filter>
    </ClInclude>
    <ClInclude Include="src\mcal\stm32f407\mcal_gpt.h">
      <Filter>src\mcal\stm32f407</Filter>
    </ClInclude>
    <ClInclude Include="src\mcal\stm32f407\mcal_irq.h">
      <Filter>src\mcal\stm32f407</Filter>
    </ClInclude>
    <ClInclude Include="src\mcal\stm32f407\mcal_led.h">
      <Filter>src\mcal\stm32f407</Filter>
    </ClInclude>
    <ClInclude Include="src\mcal\stm32f407\mcal_osc.h">
      <Filter>src\mcal\stm32f407</Filter>
    </ClInclude>
    <ClInclude Include="src\mcal\stm32f407\mcal_port.h">
      <Filter>src\mcal\stm32f407</Filter>
    </ClInclude>
    <ClInclude Include="src\mcal\stm32f407\mcal_pwm.h">
      <Filter>src\mcal\stm32f407</Filter>
    </ClInclude>
    <ClInclude Include="src\mcal\stm32f407\mcal_reg.h">
      <Filter>src\mcal\stm32f407</Filter>
    </ClInclude>
    <ClInclude Include="src\mcal\stm32f407\mcal_ser.h">
      <Filter>src\mcal\stm32f407</Filter>
    </ClInclude>
    <ClInclude Include="src\mcal\stm32f407\mcal_spi.h">
      <Filter>src\mcal\stm32f407</Filter>
    </ClInclude>
    <ClInclude Include="src\mcal\stm32f407\mcal_wdg.h">
      <Filter>src\mcal\stm32f407</Filter>
    </ClInclude>
    <ClInclude Include="src\util\utility\util_stopwatch.h">
      <Filter>src\util\utility</Filter>
    </ClInclude>
    <ClInclude Include="src\math\constants\constant_functions.h">
      <Filter>src\math\constants</Filter>
    </ClInclude>
    <ClInclude Include="src\mcal\stm32f407\mcal_benchmark.h">
      <Filter>src\mcal\stm32f407</Filter>
    </ClInclude>
    <ClInclude Include="src\mcal\stm32f100\mcal_benchmark.h">
      <Filter>src\mcal\stm32f100</Filter>
    </ClInclude>
    <ClInclude Include="src\mcal\am335x\mcal_benchmark.h">
      <Filter>src\mcal\am335x</Filter>
    </ClInclude>
    <ClInclude Include="src\mcal\rl78\mcal_cpu.h">
      <Filter>src\mcal\rl78</Filter>
    </ClInclude>
    <ClInclude Include="src\mcal\rl78\mcal_gpt.h">
      <Filter>src\mcal\rl78</Filter>
    </ClInclude>
    <ClInclude Include="src\mcal\rl78\mcal_irq.h">
      <Filter>src\mcal\rl78</Filter>
    </ClInclude>
    <ClInclude Include="src\mcal\rl78\mcal_led.h">
      <Filter>src\mcal\rl78</Filter>
    </ClInclude>
    <ClInclude Include="src\mcal\rl78\mcal_osc.h">
      <Filter>src\mcal\rl78</Filter>
    </ClInclude>
    <ClInclude Include="src\mcal\rl78\mcal_port.h">
      <Filter>src\mcal\rl78</Filter>
    </ClInclude>
    <ClInclude Include="src\mcal\rl78\mcal_pwm.h">
      <Filter>src\mcal\rl78</Filter>
    </ClInclude>
    <ClInclude Include="src\mcal\rl78\mcal_reg.h">
      <Filter>src\mcal\rl78</Filter>
    </ClInclude>
    <ClInclude Include="src\mcal\rl78\mcal_ser.h">
      <Filter>src\mcal\rl78</Filter>
    </ClInclude>
    <ClInclude Include="src\mcal\rl78\mcal_spi.h">
      <Filter>src\mcal\rl78</Filter>
    </ClInclude>
    <ClInclude Include="src\mcal\rl78\mcal_wdg.h">
      <Filter>src\mcal\rl78</Filter>
    </ClInclude>
    <ClInclude Include="src\util\STL\time.h">
      <Filter>src\util\STL</Filter>
    </ClInclude>
    <ClInclude Include="src\mcal\rl78\mcal_benchmark.h">
      <Filter>src\mcal\rl78</Filter>
    </ClInclude>
    <ClInclude Include="src\mcal\stm32f429\mcal_benchmark.h">
      <Filter>src\mcal\stm32f429</Filter>
    </ClInclude>
    <ClInclude Include="src\mcal\stm32f429\mcal_cpu.h">
      <Filter>src\mcal\stm32f429</Filter>
    </ClInclude>
    <ClInclude Include="src\mcal\stm32f429\mcal_gpt.h">
      <Filter>src\mcal\stm32f429</Filter>
    </ClInclude>
    <ClInclude Include="src\mcal\stm32f429\mcal_irq.h">
      <Filter>src\mcal\stm32f429</Filter>
    </ClInclude>
    <ClInclude Include="src\mcal\stm32f429\mcal_led.h">
      <Filter>src\mcal\stm32f429</Filter>
    </ClInclude>
    <ClInclude Include="src\mcal\stm32f429\mcal_osc.h">
      <Filter>src\mcal\stm32f429</Filter>
    </ClInclude>
    <ClInclude Include="src\mcal\stm32f429\mcal_port.h">
      <Filter>src\mcal\stm32f429</Filter>
    </ClInclude>
    <ClInclude Include="src\mcal\stm32f429\mcal_pwm.h">
      <Filter>src\mcal\stm32f429</Filter>
    </ClInclude>
    <ClInclude Include="src\mcal\stm32f429\mcal_reg.h">
      <Filter>src\mcal\stm32f429</Filter>
    </ClInclude>
    <ClInclude Include="src\mcal\stm32f429\mcal_ser.h">
      <Filter>src\mcal\stm32f429</Filter>
    </ClInclude>
    <ClInclude Include="src\mcal\stm32f429\mcal_spi.h">
      <Filter>src\mcal\stm32f429</Filter>
    </ClInclude>
    <ClInclude Include="src\mcal\stm32f429\mcal_wdg.h">
      <Filter>src\mcal\stm32f429</Filter>
    </ClInclude>
    <ClInclude Include="src\mcal\am335x\mcal_cpu_detail.h">
      <Filter>src\mcal\am335x</Filter>
    </ClInclude>
    <ClInclude Include="src\mcal\am335x\mcal_cpu_detail_secure.h">
      <Filter>src\mcal\am335x</Filter>
    </ClInclude>
    <ClInclude Include="src\mcal\rx63n\mcal_benchmark.h">
      <Filter>src\mcal\rx63n</Filter>
    </ClInclude>
    <ClInclude Include="src\mcal\rx63n\mcal_cpu.h">
      <Filter>src\mcal\rx63n</Filter>
    </ClInclude>
    <ClInclude Include="src\mcal\rx63n\mcal_gpt.h">
      <Filter>src\mcal\rx63n</Filter>
    </ClInclude>
    <ClInclude Include="src\mcal\rx63n\mcal_irq.h">
      <Filter>src\mcal\rx63n</Filter>
    </ClInclude>
    <ClInclude Include="src\mcal\rx63n\mcal_led.h">
      <Filter>src\mcal\rx63n</Filter>
    </ClInclude>
    <ClInclude Include="src\mcal\rx63n\mcal_osc.h">
      <Filter>src\mcal\rx63n</Filter>
    </ClInclude>
    <ClInclude Include="src\mcal\rx63n\mcal_port.h">
      <Filter>src\mcal\rx63n</Filter>
    </ClInclude>
    <ClInclude Include="src\mcal\rx63n\mcal_pwm.h">
      <Filter>src\mcal\rx63n</Filter>
    </ClInclude>
    <ClInclude Include="src\mcal\rx63n\mcal_reg.h">
      <Filter>src\mcal\rx63n</Filter>
    </ClInclude>
    <ClInclude Include="src\mcal\rx63n\mcal_ser.h">
      <Filter>src\mcal\rx63n</Filter>
    </ClInclude>
    <ClInclude Include="src\mcal\rx63n\mcal_spi.h">
      <Filter>src\mcal\rx63n</Filter>
    </ClInclude>
    <ClInclude Include="src\mcal\rx63n\mcal_wdg.h">
      <Filter>src\mcal\rx63n</Filter>
    </ClInclude>
    <ClInclude Include="src\mcal\bcm2835_raspi_b\mcal_benchmark.h">
      <Filter>src\mcal\bcm2835_raspi_b</Filter>
    </ClInclude>
    <ClInclude Include="src\mcal\bcm2835_raspi_b\mcal_cpu.h">
      <Filter>src\mcal\bcm2835_raspi_b</Filter>
    </ClInclude>
    <ClInclude Include="src\mcal\bcm2835_raspi_b\mcal_gpt.h">
      <Filter>src\mcal\bcm2835_raspi_b</Filter>
    </ClInclude>
    <ClInclude Include="src\mcal\bcm2835_raspi_b\mcal_irq.h">
      <Filter>src\mcal\bcm2835_raspi_b</Filter>
    </ClInclude>
    <ClInclude Include="src\mcal\bcm2835_raspi_b\mcal_led.h">
      <Filter>src\mcal\bcm2835_raspi_b</Filter>
    </ClInclude>
    <ClInclude Include="src\mcal\bcm2835_raspi_b\mcal_osc.h">
      <Filter>src\mcal\bcm2835_raspi_b</Filter>
    </ClInclude>
    <ClInclude Include="src\mcal\bcm2835_raspi_b\mcal_port.h">
      <Filter>src\mcal\bcm2835_raspi_b</Filter>
    </ClInclude>
    <ClInclude Include="src\mcal\bcm2835_raspi_b\mcal_pwm.h">
      <Filter>src\mcal\bcm2835_raspi_b</Filter>
    </ClInclude>
    <ClInclude Include="src\mcal\bcm2835_raspi_b\mcal_reg.h">
      <Filter>src\mcal\bcm2835_raspi_b</Filter>
    </ClInclude>
    <ClInclude Include="src\mcal\bcm2835_raspi_b\mcal_ser.h">
      <Filter>src\mcal\bcm2835_raspi_b</Filter>
    </ClInclude>
    <ClInclude Include="src\mcal\bcm2835_raspi_b\mcal_spi.h">
      <Filter>src\mcal\bcm2835_raspi_b</Filter>
    </ClInclude>
    <ClInclude Include="src\mcal\bcm2835_raspi_b\mcal_wdg.h">
      <Filter>src\mcal\bcm2835_raspi_b</Filter>
    </ClInclude>
    <ClInclude Include="src\util\utility\util_countof.h">
      <Filter>src\util\utility</Filter>
    </ClInclude>
    <ClInclude Include="src\mcal\stm32f429\mcal_osc_detail.h">
      <Filter>src\mcal\stm32f429</Filter>
    </ClInclude>
    <ClInclude Include="src\mcal\stm32f407\mcal_osc_detail.h">
      <Filter>src\mcal\stm32f407</Filter>
    </ClInclude>
    <ClInclude Include="src\math\checksums\crc\crc32.h">
      <Filter>src\math\checksums\crc</Filter>
    </ClInclude>
    <ClInclude Include="src\util\utility\util_alignas.h">
      <Filter>src\util\utility</Filter>
    </ClInclude>
    <ClInclude Include="src\util\STL\impl\allocator_impl.h">
      <Filter>src\util\STL\impl</Filter>
    </ClInclude>
    <ClInclude Include="src\util\utility\util_swdm.h">
      <Filter>src\util\utility</Filter>
    </ClInclude>
    <ClInclude Include="src\math\extended_complex\extended_complex.h">
      <Filter>src\math\extended_complex</Filter>
    </ClInclude>
    <ClInclude Include="src\util\STL\impl\stl_local_constexpr.h">
      <Filter>src\util\STL\impl</Filter>
    </ClInclude>
    <ClInclude Include="src\util\STL\impl\stl_local_noexcept.h">
      <Filter>src\util\STL\impl</Filter>
    </ClInclude>
    <ClInclude Include="src\util\STL\impl\xcmath_impl.h">
      <Filter>src\util\STL\impl</Filter>
    </ClInclude>
    <ClInclude Include="src\util\utility\util_noexcept.h">
      <Filter>src\util\utility</Filter>
    </ClInclude>
    <ClInclude Include="src\util\STL_C++XX_stdfloat\stdfloat.h">
      <Filter>src\util\STL_C++XX_stdfloat</Filter>
    </ClInclude>
    <ClInclude Include="src\mcal\stm32l152\mcal_benchmark.h">
      <Filter>src\mcal\stm32l152</Filter>
    </ClInclude>
    <ClInclude Include="src\mcal\stm32l152\mcal_cpu.h">
      <Filter>src\mcal\stm32l152</Filter>
    </ClInclude>
    <ClInclude Include="src\mcal\stm32l152\mcal_gpt.h">
      <Filter>src\mcal\stm32l152</Filter>
    </ClInclude>
    <ClInclude Include="src\mcal\stm32l152\mcal_irq.h">
      <Filter>src\mcal\stm32l152</Filter>
    </ClInclude>
    <ClInclude Include="src\mcal\stm32l152\mcal_led.h">
      <Filter>src\mcal\stm32l152</Filter>
    </ClInclude>
    <ClInclude Include="src\mcal\stm32l152\mcal_osc.h">
      <Filter>src\mcal\stm32l152</Filter>
    </ClInclude>
    <ClInclude Include="src\mcal\stm32l152\mcal_port.h">
      <Filter>src\mcal\stm32l152</Filter>
    </ClInclude>
    <ClInclude Include="src\mcal\stm32l152\mcal_pwm.h">
      <Filter>src\mcal\stm32l152</Filter>
    </ClInclude>
    <ClInclude Include="src\mcal\stm32l152\mcal_reg.h">
      <Filter>src\mcal\stm32l152</Filter>
    </ClInclude>
    <ClInclude Include="src\mcal\stm32l152\mcal_ser.h">
      <Filter>src\mcal\stm32l152</Filter>
    </ClInclude>
    <ClInclude Include="src\mcal\stm32l152\mcal_spi.h">
      <Filter>src\mcal\stm32l152</Filter>
    </ClInclude>
    <ClInclude Include="src\mcal\stm32l152\mcal_wdg.h">
      <Filter>src\mcal\stm32l152</Filter>
    </ClInclude>
    <ClInclude Include="src\math\functions\math_functions_hypergeometric.h">
      <Filter>src\math\functions</Filter>
    </ClInclude>
    <ClInclude Include="src\math\functions\math_functions_legendre.h">
      <Filter>src\math\functions</Filter>
    </ClInclude>
    <ClInclude Include="src\math\functions\math_functions_bessel.h">
      <Filter>src\math\functions</Filter>
    </ClInclude>
    <ClInclude Include="src\util\utility\util_dynamic_bitset.h">
      <Filter>src\util\utility</Filter>
    </ClInclude>
    <ClInclude Include="src\math\wide_integer\uintwide_t.h">
      <Filter>src\math\wide_integer</Filter>
    </ClInclude>
    <ClInclude Include="src\app\benchmark\app_benchmark_detail.h">
      <Filter>src\app\benchmark</Filter>
    </ClInclude>
    <ClInclude Include="src\app\benchmark\app_benchmark.h">
      <Filter>src\app\benchmark</Filter>
    </ClInclude>
    <ClInclude Include="src\mcal\stm32f446\mcal_benchmark.h">
      <Filter>src\mcal\stm32f446</Filter>
    </ClInclude>
    <ClInclude Include="src\mcal\stm32f446\mcal_cpu.h">
      <Filter>src\mcal\stm32f446</Filter>
    </ClInclude>
    <ClInclude Include="src\mcal\stm32f446\mcal_eep.h">
      <Filter>src\mcal\stm32f446</Filter>
    </ClInclude>
    <ClInclude Include="src\mcal\stm32f446\mcal_gpt.h">
      <Filter>src\mcal\stm32f446</Filter>
    </ClInclude>
    <ClInclude Include="src\mcal\stm32f446\mcal_irq.h">
      <Filter>src\mcal\stm32f446</Filter>
    </ClInclude>
    <ClInclude Include="src\mcal\stm32f446\mcal_led.h">
      <Filter>src\mcal\stm32f446</Filter>
    </ClInclude>
    <ClInclude Include="src\mcal\stm32f446\mcal_osc.h">
      <Filter>src\mcal\stm32f446</Filter>
    </ClInclude>
    <ClInclude Include="src\mcal\stm32f446\mcal_osc_detail.h">
      <Filter>src\mcal\stm32f446</Filter>
    </ClInclude>
    <ClInclude Include="src\mcal\stm32f446\mcal_port.h">
      <Filter>src\mcal\stm32f446</Filter>
    </ClInclude>
    <ClInclude Include="src\mcal\stm32f446\mcal_pwm.h">
      <Filter>src\mcal\stm32f446</Filter>
    </ClInclude>
    <ClInclude Include="src\mcal\stm32f446\mcal_reg.h">
      <Filter>src\mcal\stm32f446</Filter>
    </ClInclude>
    <ClInclude Include="src\mcal\stm32f446\mcal_ser.h">
      <Filter>src\mcal\stm32f446</Filter>
    </ClInclude>
    <ClInclude Include="src\mcal\stm32f446\mcal_spi.h">
      <Filter>src\mcal\stm32f446</Filter>
    </ClInclude>
    <ClInclude Include="src\mcal\stm32f446\mcal_wdg.h">
      <Filter>src\mcal\stm32f446</Filter>
    </ClInclude>
    <ClInclude Include="src\mcal\xtensa32\mcal_benchmark.h">
      <Filter>src\mcal\xtensa32</Filter>
    </ClInclude>
    <ClInclude Include="src\mcal\xtensa32\mcal_cpu.h">
      <Filter>src\mcal\xtensa32</Filter>
    </ClInclude>
    <ClInclude Include="src\mcal\xtensa32\mcal_eep.h">
      <Filter>src\mcal\xtensa32</Filter>
    </ClInclude>
    <ClInclude Include="src\mcal\xtensa32\mcal_gpt.h">
      <Filter>src\mcal\xtensa32</Filter>
    </ClInclude>
    <ClInclude Include="src\mcal\xtensa32\mcal_irq.h">
      <Filter>src\mcal\xtensa32</Filter>
    </ClInclude>
    <ClInclude Include="src\mcal\xtensa32\mcal_led.h">
      <Filter>src\mcal\xtensa32</Filter>
    </ClInclude>
    <ClInclude Include="src\mcal\xtensa32\mcal_osc.h">
      <Filter>src\mcal\xtensa32</Filter>
    </ClInclude>
    <ClInclude Include="src\mcal\xtensa32\mcal_port.h">
      <Filter>src\mcal\xtensa32</Filter>
    </ClInclude>
    <ClInclude Include="src\mcal\xtensa32\mcal_pwm.h">
      <Filter>src\mcal\xtensa32</Filter>
    </ClInclude>
    <ClInclude Include="src\mcal\xtensa32\mcal_reg.h">
      <Filter>src\mcal\xtensa32</Filter>
    </ClInclude>
    <ClInclude Include="src\mcal\xtensa32\mcal_ser.h">
      <Filter>src\mcal\xtensa32</Filter>
    </ClInclude>
    <ClInclude Include="src\mcal\xtensa32\mcal_spi.h">
      <Filter>src\mcal\xtensa32</Filter>
    </ClInclude>
    <ClInclude Include="src\mcal\xtensa32\mcal_wdg.h">
      <Filter>src\mcal\xtensa32</Filter>
    </ClInclude>
    <ClInclude Include="src\math\fast_math\fast_math.h">
      <Filter>src\math\fast_math</Filter>
    </ClInclude>
    <ClInclude Include="src\mcal\bcm2835_raspi_b\mcal_eep.h">
      <Filter>src\mcal\bcm2835_raspi_b</Filter>
    </ClInclude>
    <ClInclude Include="src\mcal\am335x\mcal_eep.h">
      <Filter>src\mcal\am335x</Filter>
    </ClInclude>
    <ClInclude Include="src\mcal\rl78\mcal_eep.h">
      <Filter>src\mcal\rl78</Filter>
    </ClInclude>
    <ClInclude Include="src\mcal\rx63n\mcal_eep.h">
      <Filter>src\mcal\rx63n</Filter>
    </ClInclude>
    <ClInclude Include="src\mcal\stm32f100\mcal_eep.h">
      <Filter>src\mcal\stm32f100</Filter>
    </ClInclude>
    <ClInclude Include="src\mcal\stm32f407\mcal_eep.h">
      <Filter>src\mcal\stm32f407</Filter>
    </ClInclude>
    <ClInclude Include="src\mcal\stm32f429\mcal_eep.h">
      <Filter>src\mcal\stm32f429</Filter>
    </ClInclude>
    <ClInclude Include="src\mcal\stm32l152\mcal_eep.h">
      <Filter>src\mcal\stm32l152</Filter>
    </ClInclude>
    <ClInclude Include="src\mcal\lpc11c24\mcal_benchmark.h">
      <Filter>src\mcal\lpc11c24</Filter>
    </ClInclude>
    <ClInclude Include="src\mcal\lpc11c24\mcal_config.h">
      <Filter>src\mcal\lpc11c24</Filter>
    </ClInclude>
    <ClInclude Include="src\mcal\lpc11c24\mcal_cpu.h">
      <Filter>src\mcal\lpc11c24</Filter>
    </ClInclude>
    <ClInclude Include="src\mcal\lpc11c24\mcal_eep.h">
      <Filter>src\mcal\lpc11c24</Filter>
    </ClInclude>
    <ClInclude Include="src\mcal\lpc11c24\mcal_gpt.h">
      <Filter>src\mcal\lpc11c24</Filter>
    </ClInclude>
    <ClInclude Include="src\mcal\lpc11c24\mcal_irq.h">
      <Filter>src\mcal\lpc11c24</Filter>
    </ClInclude>
    <ClInclude Include="src\mcal\lpc11c24\mcal_led.h">
      <Filter>src\mcal\lpc11c24</Filter>
    </ClInclude>
    <ClInclude Include="src\mcal\lpc11c24\mcal_osc.h">
      <Filter>src\mcal\lpc11c24</Filter>
    </ClInclude>
    <ClInclude Include="src\mcal\lpc11c24\mcal_port.h">
      <Filter>src\mcal\lpc11c24</Filter>
    </ClInclude>
    <ClInclude Include="src\mcal\lpc11c24\mcal_pwm.h">
      <Filter>src\mcal\lpc11c24</Filter>
    </ClInclude>
    <ClInclude Include="src\mcal\lpc11c24\mcal_reg.h">
      <Filter>src\mcal\lpc11c24</Filter>
    </ClInclude>
    <ClInclude Include="src\mcal\lpc11c24\mcal_ser.h">
      <Filter>src\mcal\lpc11c24</Filter>
    </ClInclude>
    <ClInclude Include="src\mcal\lpc11c24\mcal_spi.h">
      <Filter>src\mcal\lpc11c24</Filter>
    </ClInclude>
    <ClInclude Include="src\mcal\lpc11c24\mcal_wdg.h">
      <Filter>src\mcal\lpc11c24</Filter>
    </ClInclude>
    <ClInclude Include="src\mcal\x86_64-w64-mingw32\mcal_benchmark.h">
      <Filter>src\mcal\x86_64-w64-mingw32</Filter>
    </ClInclude>
    <ClInclude Include="src\mcal\x86_64-w64-mingw32\mcal_cpu.h">
      <Filter>src\mcal\x86_64-w64-mingw32</Filter>
    </ClInclude>
    <ClInclude Include="src\mcal\x86_64-w64-mingw32\mcal_eep.h">
      <Filter>src\mcal\x86_64-w64-mingw32</Filter>
    </ClInclude>
    <ClInclude Include="src\mcal\x86_64-w64-mingw32\mcal_gpt.h">
      <Filter>src\mcal\x86_64-w64-mingw32</Filter>
    </ClInclude>
    <ClInclude Include="src\mcal\x86_64-w64-mingw32\mcal_irq.h">
      <Filter>src\mcal\x86_64-w64-mingw32</Filter>
    </ClInclude>
    <ClInclude Include="src\mcal\x86_64-w64-mingw32\mcal_led.h">
      <Filter>src\mcal\x86_64-w64-mingw32</Filter>
    </ClInclude>
    <ClInclude Include="src\mcal\x86_64-w64-mingw32\mcal_port.h">
      <Filter>src\mcal\x86_64-w64-mingw32</Filter>
    </ClInclude>
    <ClInclude Include="src\mcal\x86_64-w64-mingw32\mcal_pwm.h">
      <Filter>src\mcal\x86_64-w64-mingw32</Filter>
    </ClInclude>
    <ClInclude Include="src\mcal\x86_64-w64-mingw32\mcal_reg.h">
      <Filter>src\mcal\x86_64-w64-mingw32</Filter>
    </ClInclude>
    <ClInclude Include="src\mcal\x86_64-w64-mingw32\mcal_ser.h">
      <Filter>src\mcal\x86_64-w64-mingw32</Filter>
    </ClInclude>
    <ClInclude Include="src\mcal\x86_64-w64-mingw32\mcal_spi.h">
      <Filter>src\mcal\x86_64-w64-mingw32</Filter>
    </ClInclude>
    <ClInclude Include="src\mcal\x86_64-w64-mingw32\mcal_wdg.h">
      <Filter>src\mcal\x86_64-w64-mingw32</Filter>
    </ClInclude>
    <ClInclude Include="src\mcal\x86_64-w64-mingw32\mcal_wdg_watchdog.h">
      <Filter>src\mcal\x86_64-w64-mingw32</Filter>
    </ClInclude>
    <ClInclude Include="src\mcal\x86_64-w64-mingw32\mcal_osc.h">
      <Filter>src\mcal\x86_64-w64-mingw32</Filter>
    </ClInclude>
    <ClInclude Include="src\mcal\mcal.h">
      <Filter>src\mcal</Filter>
    </ClInclude>
    <ClInclude Include="src\mcal\mcal_reg_access_dynamic.h">
      <Filter>src\mcal</Filter>
    </ClInclude>
    <ClInclude Include="src\mcal\mcal_reg_access_static.h">
      <Filter>src\mcal</Filter>
    </ClInclude>
    <ClInclude Include="src\mcal\atmega2560\mcal_benchmark.h">
      <Filter>src\mcal\atmega2560</Filter>
    </ClInclude>
    <ClInclude Include="src\mcal\atmega2560\mcal_cpu.h">
      <Filter>src\mcal\atmega2560</Filter>
    </ClInclude>
    <ClInclude Include="src\mcal\atmega2560\mcal_eep.h">
      <Filter>src\mcal\atmega2560</Filter>
    </ClInclude>
    <ClInclude Include="src\mcal\atmega2560\mcal_gpt.h">
      <Filter>src\mcal\atmega2560</Filter>
    </ClInclude>
    <ClInclude Include="src\mcal\atmega2560\mcal_irq.h">
      <Filter>src\mcal\atmega2560</Filter>
    </ClInclude>
    <ClInclude Include="src\mcal\atmega2560\mcal_led.h">
      <Filter>src\mcal\atmega2560</Filter>
    </ClInclude>
    <ClInclude Include="src\mcal\atmega2560\mcal_osc.h">
      <Filter>src\mcal\atmega2560</Filter>
    </ClInclude>
    <ClInclude Include="src\mcal\atmega2560\mcal_port.h">
      <Filter>src\mcal\atmega2560</Filter>
    </ClInclude>
    <ClInclude Include="src\mcal\atmega2560\mcal_pwm.h">
      <Filter>src\mcal\atmega2560</Filter>
    </ClInclude>
    <ClInclude Include="src\mcal\atmega2560\mcal_reg.h">
      <Filter>src\mcal\atmega2560</Filter>
    </ClInclude>
    <ClInclude Include="src\mcal\atmega2560\mcal_ser.h">
      <Filter>src\mcal\atmega2560</Filter>
    </ClInclude>
    <ClInclude Include="src\mcal\atmega2560\mcal_spi.h">
      <Filter>src\mcal\atmega2560</Filter>
    </ClInclude>
    <ClInclude Include="src\mcal\atmega2560\mcal_wdg.h">
      <Filter>src\mcal\atmega2560</Filter>
    </ClInclude>
    <ClInclude Include="src\math\constants\pi_spigot_base.h">
      <Filter>src\math\constants</Filter>
    </ClInclude>
    <ClInclude Include="src\math\constants\pi_spigot_single.h">
      <Filter>src\math\constants</Filter>
    </ClInclude>
    <ClInclude Include="src\math\constants\pi_spigot_state.h">
      <Filter>src\math\constants</Filter>
    </ClInclude>
    <ClInclude Include="src\mcal_spi\mcal_spi_software_port_driver.h">
      <Filter>src\mcal_spi</Filter>
    </ClInclude>
    <ClInclude Include="src\mcal_spi\mcal_spi_software_dummy.h">
      <Filter>src\mcal_spi</Filter>
    </ClInclude>
    <ClInclude Include="src\mcal\am335x\mcal_memory_progmem.h">
      <Filter>src\mcal\am335x</Filter>
    </ClInclude>
    <ClInclude Include="src\mcal\atmega2560\mcal_memory_progmem.h">
      <Filter>src\mcal\atmega2560</Filter>
    </ClInclude>
    <ClInclude Include="src\mcal\bcm2835_raspi_b\mcal_memory_progmem.h">
      <Filter>src\mcal\bcm2835_raspi_b</Filter>
    </ClInclude>
    <ClInclude Include="src\mcal\lpc11c24\mcal_memory_progmem.h">
      <Filter>src\mcal\lpc11c24</Filter>
    </ClInclude>
    <ClInclude Include="src\mcal\rl78\mcal_memory_progmem.h">
      <Filter>src\mcal\rl78</Filter>
    </ClInclude>
    <ClInclude Include="src\mcal\rx63n\mcal_memory_progmem.h">
      <Filter>src\mcal\rx63n</Filter>
    </ClInclude>
    <ClInclude Include="src\mcal\stm32f100\mcal_memory_progmem.h">
      <Filter>src\mcal\stm32f100</Filter>
    </ClInclude>
    <ClInclude Include="src\mcal\stm32f407\mcal_memory_progmem.h">
      <Filter>src\mcal\stm32f407</Filter>
    </ClInclude>
    <ClInclude Include="src\mcal\stm32f429\mcal_memory_progmem.h">
      <Filter>src\mcal\stm32f429</Filter>
    </ClInclude>
    <ClInclude Include="src\mcal\stm32f446\mcal_memory_progmem.h">
      <Filter>src\mcal\stm32f446</Filter>
    </ClInclude>
    <ClInclude Include="src\mcal\stm32l152\mcal_memory_progmem.h">
      <Filter>src\mcal\stm32l152</Filter>
    </ClInclude>
    <ClInclude Include="src\mcal\x86_64-w64-mingw32\mcal_memory_progmem.h">
      <Filter>src\mcal\x86_64-w64-mingw32</Filter>
    </ClInclude>
    <ClInclude Include="src\mcal\xtensa32\mcal_memory_progmem.h">
      <Filter>src\mcal\xtensa32</Filter>
    </ClInclude>
    <ClInclude Include="src\mcal_memory\mcal_memory_const_address_ptr.h">
      <Filter>src\mcal_memory</Filter>
    </ClInclude>
    <ClInclude Include="src\mcal_memory\mcal_memory_progmem_access.h">
      <Filter>src\mcal_memory</Filter>
    </ClInclude>
    <ClInclude Include="src\mcal_memory\mcal_memory_progmem_array.h">
      <Filter>src\mcal_memory</Filter>
    </ClInclude>
    <ClInclude Include="src\mcal_memory\mcal_memory_progmem_iterator.h">
      <Filter>src\mcal_memory</Filter>
    </ClInclude>
    <ClInclude Include="src\mcal_memory\mcal_memory_progmem_ref.h">
      <Filter>src\mcal_memory</Filter>
    </ClInclude>
    <ClInclude Include="src\mcal_memory\mcal_memory_progmem_ptr.h">
      <Filter>src\mcal_memory</Filter>
    </ClInclude>
    <ClInclude Include="src\mcal_memory\mcal_memory_nonconst_address_ptr.h">
      <Filter>src\mcal_memory</Filter>
    </ClInclude>
    <ClInclude Include="src\mcal\stm32l100c\mcal_eep.h">
      <Filter>src\mcal\stm32l100c</Filter>
    </ClInclude>
    <ClInclude Include="src\mcal\stm32l100c\mcal_gpt.h">
      <Filter>src\mcal\stm32l100c</Filter>
    </ClInclude>
    <ClInclude Include="src\mcal\stm32l100c\mcal_irq.h">
      <Filter>src\mcal\stm32l100c</Filter>
    </ClInclude>
    <ClInclude Include="src\mcal\stm32l100c\mcal_led.h">
      <Filter>src\mcal\stm32l100c</Filter>
    </ClInclude>
    <ClInclude Include="src\mcal\stm32l100c\mcal_memory_progmem.h">
      <Filter>src\mcal\stm32l100c</Filter>
    </ClInclude>
    <ClInclude Include="src\mcal\stm32l100c\mcal_osc.h">
      <Filter>src\mcal\stm32l100c</Filter>
    </ClInclude>
    <ClInclude Include="src\mcal\stm32l100c\mcal_port.h">
      <Filter>src\mcal\stm32l100c</Filter>
    </ClInclude>
    <ClInclude Include="src\mcal\stm32l100c\mcal_pwm.h">
      <Filter>src\mcal\stm32l100c</Filter>
    </ClInclude>
    <ClInclude Include="src\mcal\stm32l100c\mcal_reg.h">
      <Filter>src\mcal\stm32l100c</Filter>
    </ClInclude>
    <ClInclude Include="src\mcal\stm32l100c\mcal_ser.h">
      <Filter>src\mcal\stm32l100c</Filter>
    </ClInclude>
    <ClInclude Include="src\mcal\stm32l100c\mcal_spi.h">
      <Filter>src\mcal\stm32l100c</Filter>
    </ClInclude>
    <ClInclude Include="src\mcal\stm32l100c\mcal_wdg.h">
      <Filter>src\mcal\stm32l100c</Filter>
    </ClInclude>
    <ClInclude Include="src\mcal\stm32l100c\mcal_benchmark.h">
      <Filter>src\mcal\stm32l100c</Filter>
    </ClInclude>
    <ClInclude Include="src\mcal\stm32l100c\mcal_cpu.h">
      <Filter>src\mcal\stm32l100c</Filter>
    </ClInclude>
    <ClInclude Include="src\mcal_pwm\mcal_pwm_base.h">
      <Filter>src\mcal_pwm</Filter>
    </ClInclude>
    <ClInclude Include="src\mcal\atmega2560\mcal_pwm_timer1.h">
      <Filter>src\mcal\atmega2560</Filter>
    </ClInclude>
    <ClInclude Include="src\mcal_memory\mcal_memory_sram_access.h">
      <Filter>src\mcal_memory</Filter>
    </ClInclude>
    <ClInclude Include="src\mcal_memory\mcal_memory_sram_array.h">
      <Filter>src\mcal_memory</Filter>
    </ClInclude>
    <ClInclude Include="src\mcal_memory\mcal_memory_sram_ptr.h">
      <Filter>src\mcal_memory</Filter>
    </ClInclude>
    <ClInclude Include="src\mcal_memory\mcal_memory_sram_ref.h">
      <Filter>src\mcal_memory</Filter>
    </ClInclude>
    <ClInclude Include="src\mcal_memory\mcal_memroy_sram_iterator.h">
      <Filter>src\mcal_memory</Filter>
    </ClInclude>
    <ClInclude Include="src\mcal\host\mcal_gpt.h">
      <Filter>src\mcal\host</Filter>
    </ClInclude>
    <ClInclude Include="src\mcal\host\mcal_irq.h">
      <Filter>src\mcal\host</Filter>
    </ClInclude>
    <ClInclude Include="src\mcal\host\mcal_led.h">
      <Filter>src\mcal\host</Filter>
    </ClInclude>
    <ClInclude Include="src\mcal\host\mcal_memory_progmem.h">
      <Filter>src\mcal\host</Filter>
    </ClInclude>
    <ClInclude Include="src\mcal\host\mcal_osc.h">
      <Filter>src\mcal\host</Filter>
    </ClInclude>
    <ClInclude Include="src\mcal\host\mcal_port.h">
      <Filter>src\mcal\host</Filter>
    </ClInclude>
    <ClInclude Include="src\mcal\host\mcal_pwm.h">
      <Filter>src\mcal\host</Filter>
    </ClInclude>
    <ClInclude Include="src\mcal\host\mcal_reg.h">
      <Filter>src\mcal\host</Filter>
    </ClInclude>
    <ClInclude Include="src\mcal\host\mcal_ser.h">
      <Filter>src\mcal\host</Filter>
    </ClInclude>
    <ClInclude Include="src\mcal\host\mcal_spi.h">
      <Filter>src\mcal\host</Filter>
    </ClInclude>
    <ClInclude Include="src\mcal\host\mcal_wdg.h">
      <Filter>src\mcal\host</Filter>
    </ClInclude>
    <ClInclude Include="src\mcal\host\mcal_wdg_watchdog.h">
      <Filter>src\mcal\host</Filter>
    </ClInclude>
    <ClInclude Include="src\mcal\host\mcal_benchmark.h">
      <Filter>src\mcal\host</Filter>
    </ClInclude>
    <ClInclude Include="src\mcal\host\mcal_cpu.h">
      <Filter>src\mcal\host</Filter>
    </ClInclude>
    <ClInclude Include="src\mcal\host\mcal_eep.h">
      <Filter>src\mcal\host</Filter>
    </ClInclude>
    <ClInclude Include="src\mcal_led\mcal_led_base.h">
      <Filter>src\mcal_led</Filter>
    </ClInclude>
    <ClInclude Include="src\mcal_led\mcal_led_console.h">
      <Filter>src\mcal_led</Filter>
    </ClInclude>
    <ClInclude Include="src\mcal_led\mcal_led_port.h">
      <Filter>src\mcal_led</Filter>
    </ClInclude>
    <ClInclude Include="src\mcal_led\mcal_led_pwm.h">
      <Filter>src\mcal_led</Filter>
    </ClInclude>
    <ClInclude Include="src\mcal_pwm\mcal_pwm_console.h">
      <Filter>src\mcal_pwm</Filter>
    </ClInclude>
    <ClInclude Include="src\mcal_pwm\mcal_pwm_dummy.h">
      <Filter>src\mcal_pwm</Filter>
    </ClInclude>
    <ClInclude Include="src\mcal\atmega2560\mcal_port_expander_microchip_mcp23s17.h">
      <Filter>src\mcal\atmega2560</Filter>
    </ClInclude>
    <ClInclude Include="src\mcal\avr\mcal_cpu.h">
      <Filter>src\mcal\avr</Filter>
    </ClInclude>
    <ClInclude Include="src\mcal\avr\mcal_eep.h">
      <Filter>src\mcal\avr</Filter>
    </ClInclude>
    <ClInclude Include="src\mcal\avr\mcal_gpt.h">
      <Filter>src\mcal\avr</Filter>
    </ClInclude>
    <ClInclude Include="src\mcal\avr\mcal_irq.h">
      <Filter>src\mcal\avr</Filter>
    </ClInclude>
    <ClInclude Include="src\mcal\avr\mcal_led.h">
      <Filter>src\mcal\avr</Filter>
    </ClInclude>
    <ClInclude Include="src\mcal\avr\mcal_memory_progmem.h">
      <Filter>src\mcal\avr</Filter>
    </ClInclude>
    <ClInclude Include="src\mcal\avr\mcal_memory_sram_parallel_cypress_cy62158e.h">
      <Filter>src\mcal\avr</Filter>
    </ClInclude>
    <ClInclude Include="src\mcal\avr\mcal_osc.h">
      <Filter>src\mcal\avr</Filter>
    </ClInclude>
    <ClInclude Include="src\mcal\avr\mcal_port.h">
      <Filter>src\mcal\avr</Filter>
    </ClInclude>
    <ClInclude Include="src\mcal\avr\mcal_port_expander_microchip_mcp23s17.h">
      <Filter>src\mcal\avr</Filter>
    </ClInclude>
    <ClInclude Include="src\mcal\avr\mcal_port_pin_dummy.h">
      <Filter>src\mcal\avr</Filter>
    </ClInclude>
    <ClInclude Include="src\mcal\avr\mcal_port_word.h">
      <Filter>src\mcal\avr</Filter>
    </ClInclude>
    <ClInclude Include="src\mcal\avr\mcal_pwm.h">
      <Filter>src\mcal\avr</Filter>
    </ClInclude>
    <ClInclude Include="src\mcal\avr\mcal_pwm_timer1.h">
      <Filter>src\mcal\avr</Filter>
    </ClInclude>
    <ClInclude Include="src\mcal\avr\mcal_reg.h">
      <Filter>src\mcal\avr</Filter>
    </ClInclude>
    <ClInclude Include="src\mcal\avr\mcal_ser.h">
      <Filter>src\mcal\avr</Filter>
    </ClInclude>
    <ClInclude Include="src\mcal\avr\mcal_spi.h">
      <Filter>src\mcal\avr</Filter>
    </ClInclude>
    <ClInclude Include="src\mcal\avr\mcal_wdg.h">
      <Filter>src\mcal\avr</Filter>
    </ClInclude>
    <ClInclude Include="src\mcal\avr\mcal_benchmark.h">
      <Filter>src\mcal\avr</Filter>
    </ClInclude>
    <ClInclude Include="src\mcal\mcal_helper.h">
      <Filter>src\mcal</Filter>
    </ClInclude>
    <ClInclude Include="src\mcal_lcd\mcal_lcd_console.h">
      <Filter>src\mcal_lcd</Filter>
    </ClInclude>
    <ClInclude Include="src\mcal_lcd\mcal_lcd_base.h">
      <Filter>src\mcal_lcd</Filter>
    </ClInclude>
    <ClInclude Include="src\mcal_led\mcal_led_port_inverted.h">
      <Filter>src\mcal_led</Filter>
    </ClInclude>
    <ClInclude Include="src\mcal_led\mcal_led_boolean_state_base.h">
      <Filter>src\mcal_led</Filter>
    </ClInclude>
    <ClInclude Include="src\math\checksums\hash\hash_base.h">
      <Filter>src\math\checksums\hash</Filter>
    </ClInclude>
    <ClInclude Include="src\math\checksums\hash\hash_detail.h">
      <Filter>src\math\checksums\hash</Filter>
    </ClInclude>
    <ClInclude Include="src\math\checksums\hash\hash_sha1.h">
      <Filter>src\math\checksums\hash</Filter>
    </ClInclude>
    <ClInclude Include="src\mcal\bcm2835_raspi_b\mcal_port_pin_dummy.h">
      <Filter>src\mcal\bcm2835_raspi_b</Filter>
    </ClInclude>
    <ClInclude Include="src\mcal\bcm2835_raspi_b\mcal_cpu_detail_secure.h">
      <Filter>src\mcal\bcm2835_raspi_b</Filter>
    </ClInclude>
    <ClInclude Include="src\util\utility\util_narrow_cast.h">
      <Filter>src\util\utility</Filter>
    </ClInclude>
    <ClInclude Include="src\util\memory\util_n_slot_array_allocator.h">
      <Filter>src\util\memory</Filter>
    </ClInclude>
    <ClInclude Include="src\math\wide_decimal\decwide_t.h">
      <Filter>src\math\wide_decimal</Filter>
    </ClInclude>
    <ClInclude Include="src\util\utility\util_baselexical_cast.h">
      <Filter>src\util\utility</Filter>
    </ClInclude>
    <ClInclude Include="src\mcal\xtensa32\from_sdk\esp32-hal-gpio.h">
      <Filter>src\mcal\xtensa32\from_sdk</Filter>
    </ClInclude>
    <ClInclude Include="src\mcal\xtensa32\from_sdk\soc\gpio_struct.h">
      <Filter>src\mcal\xtensa32\from_sdk\soc</Filter>
    </ClInclude>
    <ClInclude Include="src\mcal\atmega4809\mcal_memory_sram.h">
      <Filter>src\mcal\atmega4809</Filter>
    </ClInclude>
    <ClInclude Include="src\mcal\atmega4809\mcal_memory_sram_parallel_cypress_cy62158e.h">
      <Filter>src\mcal\atmega4809</Filter>
    </ClInclude>
    <ClInclude Include="src\mcal\atmega4809\mcal_memory_sram_parallel_cypress_cy62167gn.h">
      <Filter>src\mcal\atmega4809</Filter>
    </ClInclude>
    <ClInclude Include="src\mcal\atmega4809\mcal_osc.h">
      <Filter>src\mcal\atmega4809</Filter>
    </ClInclude>
    <ClInclude Include="src\mcal\atmega4809\mcal_port.h">
      <Filter>src\mcal\atmega4809</Filter>
    </ClInclude>
    <ClInclude Include="src\mcal\atmega4809\mcal_port_expander_microchip_mcp23s17.h">
      <Filter>src\mcal\atmega4809</Filter>
    </ClInclude>
    <ClInclude Include="src\mcal\atmega4809\mcal_port_pin_dummy.h">
      <Filter>src\mcal\atmega4809</Filter>
    </ClInclude>
    <ClInclude Include="src\mcal\atmega4809\mcal_port_word.h">
      <Filter>src\mcal\atmega4809</Filter>
    </ClInclude>
    <ClInclude Include="src\mcal\atmega4809\mcal_pwm.h">
      <Filter>src\mcal\atmega4809</Filter>
    </ClInclude>
    <ClInclude Include="src\mcal\atmega4809\mcal_pwm_lcd.h">
      <Filter>src\mcal\atmega4809</Filter>
    </ClInclude>
    <ClInclude Include="src\mcal\atmega4809\mcal_reg.h">
      <Filter>src\mcal\atmega4809</Filter>
    </ClInclude>
    <ClInclude Include="src\mcal\atmega4809\mcal_ser.h">
      <Filter>src\mcal\atmega4809</Filter>
    </ClInclude>
    <ClInclude Include="src\mcal\atmega4809\mcal_spi.h">
      <Filter>src\mcal\atmega4809</Filter>
    </ClInclude>
    <ClInclude Include="src\mcal\atmega4809\mcal_wdg.h">
      <Filter>src\mcal\atmega4809</Filter>
    </ClInclude>
    <ClInclude Include="src\mcal\atmega4809\mcal_benchmark.h">
      <Filter>src\mcal\atmega4809</Filter>
    </ClInclude>
    <ClInclude Include="src\mcal\atmega4809\mcal_cpu.h">
      <Filter>src\mcal\atmega4809</Filter>
    </ClInclude>
    <ClInclude Include="src\mcal\atmega4809\mcal_eep.h">
      <Filter>src\mcal\atmega4809</Filter>
    </ClInclude>
    <ClInclude Include="src\mcal\atmega4809\mcal_gpt.h">
      <Filter>src\mcal\atmega4809</Filter>
    </ClInclude>
    <ClInclude Include="src\mcal\atmega4809\mcal_irq.h">
      <Filter>src\mcal\atmega4809</Filter>
    </ClInclude>
    <ClInclude Include="src\mcal\atmega4809\mcal_led.h">
      <Filter>src\mcal\atmega4809</Filter>
    </ClInclude>
    <ClInclude Include="src\mcal\atmega4809\mcal_memory_progmem.h">
      <Filter>src\mcal\atmega4809</Filter>
    </ClInclude>
    <ClInclude Include="src\mcal_lcd\mcal_lcd_generic_st7066.h">
      <Filter>src\mcal_lcd</Filter>
    </ClInclude>
    <ClInclude Include="src\util\STL\impl\alloc_traits.h">
      <Filter>src\util\STL\impl</Filter>
    </ClInclude>
    <ClInclude Include="src\util\STL\impl\ptr_traits.h">
      <Filter>src\util\STL\impl</Filter>
    </ClInclude>
    <ClInclude Include="src\math\wide_decimal\decwide_t_detail.h">
      <Filter>src\math\wide_decimal</Filter>
    </ClInclude>
    <ClInclude Include="src\math\wide_decimal\decwide_t_detail_fft.h">
      <Filter>src\math\wide_decimal</Filter>
    </ClInclude>
    <ClInclude Include="src\math\wide_decimal\decwide_t_detail_ops.h">
      <Filter>src\math\wide_decimal</Filter>
    </ClInclude>
    <ClInclude Include="src\math\softfloat\soft_double.h">
      <Filter>src\math\softfloat</Filter>
    </ClInclude>
    <ClInclude Include="src\util\boost_metal_bindings\boost\math\policies\error_handling.hpp">
      <Filter>src\util\boost_metal_bindings\boost\math\policies</Filter>
    </ClInclude>
    <ClInclude Include="src\mcal\v850es_fx2\mcal_benchmark.h">
      <Filter>src\mcal\v850es_fx2</Filter>
    </ClInclude>
    <ClInclude Include="src\mcal\v850es_fx2\mcal_cpu.h">
      <Filter>src\mcal\v850es_fx2</Filter>
    </ClInclude>
    <ClInclude Include="src\mcal\v850es_fx2\mcal_eep.h">
      <Filter>src\mcal\v850es_fx2</Filter>
    </ClInclude>
    <ClInclude Include="src\mcal\v850es_fx2\mcal_gpt.h">
      <Filter>src\mcal\v850es_fx2</Filter>
    </ClInclude>
    <ClInclude Include="src\mcal\v850es_fx2\mcal_irq.h">
      <Filter>src\mcal\v850es_fx2</Filter>
    </ClInclude>
    <ClInclude Include="src\mcal\v850es_fx2\mcal_led.h">
      <Filter>src\mcal\v850es_fx2</Filter>
    </ClInclude>
    <ClInclude Include="src\mcal\v850es_fx2\mcal_memory_progmem.h">
      <Filter>src\mcal\v850es_fx2</Filter>
    </ClInclude>
    <ClInclude Include="src\mcal\v850es_fx2\mcal_osc.h">
      <Filter>src\mcal\v850es_fx2</Filter>
    </ClInclude>
    <ClInclude Include="src\mcal\v850es_fx2\mcal_port.h">
      <Filter>src\mcal\v850es_fx2</Filter>
    </ClInclude>
    <ClInclude Include="src\mcal\v850es_fx2\mcal_pwm.h">
      <Filter>src\mcal\v850es_fx2</Filter>
    </ClInclude>
    <ClInclude Include="src\mcal\v850es_fx2\mcal_reg.h">
      <Filter>src\mcal\v850es_fx2</Filter>
    </ClInclude>
    <ClInclude Include="src\mcal\v850es_fx2\mcal_ser.h">
      <Filter>src\mcal\v850es_fx2</Filter>
    </ClInclude>
    <ClInclude Include="src\mcal\v850es_fx2\mcal_spi.h">
      <Filter>src\mcal\v850es_fx2</Filter>
    </ClInclude>
    <ClInclude Include="src\mcal\v850es_fx2\mcal_wdg.h">
      <Filter>src\mcal\v850es_fx2</Filter>
    </ClInclude>
    <ClInclude Include="src\math\wide_decimal\decwide_t_detail_namespace.h">
      <Filter>src\math\wide_decimal</Filter>
    </ClInclude>
    <ClInclude Include="src\mcal\stm32h7a3\mcal_led.h">
      <Filter>src\mcal\stm32h7a3</Filter>
    </ClInclude>
    <ClInclude Include="src\mcal\stm32h7a3\mcal_memory_progmem.h">
      <Filter>src\mcal\stm32h7a3</Filter>
    </ClInclude>
    <ClInclude Include="src\mcal\stm32h7a3\mcal_osc.h">
      <Filter>src\mcal\stm32h7a3</Filter>
    </ClInclude>
    <ClInclude Include="src\mcal\stm32h7a3\mcal_port.h">
      <Filter>src\mcal\stm32h7a3</Filter>
    </ClInclude>
    <ClInclude Include="src\mcal\stm32h7a3\mcal_pwm.h">
      <Filter>src\mcal\stm32h7a3</Filter>
    </ClInclude>
    <ClInclude Include="src\mcal\stm32h7a3\mcal_reg.h">
      <Filter>src\mcal\stm32h7a3</Filter>
    </ClInclude>
    <ClInclude Include="src\mcal\stm32h7a3\mcal_ser.h">
      <Filter>src\mcal\stm32h7a3</Filter>
    </ClInclude>
    <ClInclude Include="src\mcal\stm32h7a3\mcal_spi.h">
      <Filter>src\mcal\stm32h7a3</Filter>
    </ClInclude>
    <ClInclude Include="src\mcal\stm32h7a3\mcal_wdg.h">
      <Filter>src\mcal\stm32h7a3</Filter>
    </ClInclude>
    <ClInclude Include="src\mcal\stm32h7a3\mcal_benchmark.h">
      <Filter>src\mcal\stm32h7a3</Filter>
    </ClInclude>
    <ClInclude Include="src\mcal\stm32h7a3\mcal_cpu.h">
      <Filter>src\mcal\stm32h7a3</Filter>
    </ClInclude>
    <ClInclude Include="src\mcal\stm32h7a3\mcal_eep.h">
      <Filter>src\mcal\stm32h7a3</Filter>
    </ClInclude>
    <ClInclude Include="src\mcal\stm32h7a3\mcal_gpt.h">
      <Filter>src\mcal\stm32h7a3</Filter>
    </ClInclude>
    <ClInclude Include="src\mcal\stm32h7a3\mcal_irq.h">
      <Filter>src\mcal\stm32h7a3</Filter>
    </ClInclude>
    <ClInclude Include="src\mcal\mcal_gpt_arm_sys_tick.h">
      <Filter>src\mcal</Filter>
    </ClInclude>
    <ClInclude Include="src\mcal\riscvfe310\mcal_port.h">
      <Filter>src\mcal\riscvfe310</Filter>
    </ClInclude>
    <ClInclude Include="src\mcal\riscvfe310\mcal_reg.h">
      <Filter>src\mcal\riscvfe310</Filter>
    </ClInclude>
    <ClInclude Include="src\mcal\riscvfe310\mcal_gpt.h">
      <Filter>src\mcal\riscvfe310</Filter>
    </ClInclude>
    <ClInclude Include="src\mcal\riscvfe310\mcal_led.h">
      <Filter>src\mcal\riscvfe310</Filter>
    </ClInclude>
    <ClInclude Include="src\mcal\riscvfe310\mcal_benchmark.h">
      <Filter>src\mcal\riscvfe310</Filter>
    </ClInclude>
    <ClInclude Include="src\mcal\riscvfe310\mcal_cpu.h">
      <Filter>src\mcal\riscvfe310</Filter>
    </ClInclude>
    <ClInclude Include="src\mcal\riscvfe310\mcal_eep.h">
      <Filter>src\mcal\riscvfe310</Filter>
    </ClInclude>
    <ClInclude Include="src\mcal\riscvfe310\mcal_irq.h">
      <Filter>src\mcal\riscvfe310</Filter>
    </ClInclude>
    <ClInclude Include="src\mcal\riscvfe310\mcal_memory_progmem.h">
      <Filter>src\mcal\riscvfe310</Filter>
    </ClInclude>
    <ClInclude Include="src\mcal\riscvfe310\mcal_osc.h">
      <Filter>src\mcal\riscvfe310</Filter>
    </ClInclude>
    <ClInclude Include="src\mcal\riscvfe310\mcal_pwm.h">
      <Filter>src\mcal\riscvfe310</Filter>
    </ClInclude>
    <ClInclude Include="src\mcal\riscvfe310\mcal_ser.h">
      <Filter>src\mcal\riscvfe310</Filter>
    </ClInclude>
    <ClInclude Include="src\mcal\riscvfe310\mcal_spi.h">
      <Filter>src\mcal\riscvfe310</Filter>
    </ClInclude>
    <ClInclude Include="src\mcal\riscvfe310\mcal_wdg.h">
      <Filter>src\mcal\riscvfe310</Filter>
    </ClInclude>
  </ItemGroup>
  <ItemGroup>
    <None Include="src\util\STL\algorithm">
      <Filter>src\util\STL</Filter>
    </None>
    <None Include="src\util\STL\array">
      <Filter>src\util\STL</Filter>
    </None>
    <None Include="src\util\STL\atomic">
      <Filter>src\util\STL</Filter>
    </None>
    <None Include="src\util\STL\basic_string">
      <Filter>src\util\STL</Filter>
    </None>
    <None Include="src\util\STL\cmath">
      <Filter>src\util\STL</Filter>
    </None>
    <None Include="src\util\STL\complex">
      <Filter>src\util\STL</Filter>
    </None>
    <None Include="src\util\STL\cstddef">
      <Filter>src\util\STL</Filter>
    </None>
    <None Include="src\util\STL\cstdint">
      <Filter>src\util\STL</Filter>
    </None>
    <None Include="src\util\STL\initializer_list">
      <Filter>src\util\STL</Filter>
    </None>
    <None Include="src\util\STL\iterator">
      <Filter>src\util\STL</Filter>
    </None>
    <None Include="src\util\STL\limits">
      <Filter>src\util\STL</Filter>
    </None>
    <None Include="src\util\STL\memory">
      <Filter>src\util\STL</Filter>
    </None>
    <None Include="src\util\STL\numeric">
      <Filter>src\util\STL</Filter>
    </None>
    <None Include="src\util\STL\string">
      <Filter>src\util\STL</Filter>
    </None>
    <None Include="src\util\STL\tuple">
      <Filter>src\util\STL</Filter>
    </None>
    <None Include="src\util\STL\utility">
      <Filter>src\util\STL</Filter>
    </None>
    <None Include="src\util\STL\vector">
      <Filter>src\util\STL</Filter>
    </None>
    <None Include="src\util\STL\ratio">
      <Filter>src\util\STL</Filter>
    </None>
    <None Include="src\util\STL\chrono">
      <Filter>src\util\STL</Filter>
    </None>
    <None Include="src\util\STL\ctime">
      <Filter>src\util\STL</Filter>
    </None>
    <None Include="src\util\STL\functional">
      <Filter>src\util\STL</Filter>
    </None>
    <None Include="src\util\STL\type_traits">
      <Filter>src\util\STL</Filter>
    </None>
    <None Include="src\util\STL\cstdbool">
      <Filter>src\util\STL</Filter>
    </None>
    <None Include="src\util\STL\climits">
      <Filter>src\util\STL</Filter>
    </None>
    <None Include="src\util\STL\cfloat">
      <Filter>src\util\STL</Filter>
    </None>
    <None Include="src\util\STL\cstdlib">
      <Filter>src\util\STL</Filter>
    </None>
    <None Include="src\util\STL\any">
      <Filter>src\util\STL</Filter>
    </None>
    <None Include="src\util\STL_C++XX_stdfloat\cstdfloat">
      <Filter>src\util\STL_C++XX_stdfloat</Filter>
    </None>
    <None Include="src\util\STL\random">
      <Filter>src\util\STL</Filter>
    </None>
    <None Include="src\util\STL\bitset">
      <Filter>src\util\STL</Filter>
    </None>
    <None Include="src\util\STL\cstring">
      <Filter>src\util\STL</Filter>
    </None>
    <None Include="src\util\STL\span">
      <Filter>src\util\STL</Filter>
    </None>
    <None Include="src\mcal\bcm2835_raspi_b\mcal_reg.s">
      <Filter>src\mcal\bcm2835_raspi_b</Filter>
    </None>
    <None Include="src\mcal\bcm2835_raspi_b\mcal_cpu_detail_secure.s">
      <Filter>src\mcal\bcm2835_raspi_b</Filter>
    </None>
    <None Include="src\app\benchmark\readme.md">
      <Filter>src\app\benchmark\_doc</Filter>
    </None>
    <None Include="src\util\STL\charconv">
      <Filter>src\util\STL</Filter>
    </None>
    <None Include="src\util\STL\cassert">
      <Filter>src\util\STL</Filter>
    </None>
    <None Include="src\util\STL\cerrno">
      <Filter>src\util\STL</Filter>
    </None>
    <None Include="src\util\STL\stdexcept">
      <Filter>src\util\STL</Filter>
    </None>
    <None Include="cmake\stm32f407.cmake">
      <Filter>src\cmake</Filter>
    </None>
    <None Include="cmake\stm32f429.cmake">
      <Filter>src\cmake</Filter>
    </None>
    <None Include="cmake\stm32f446.cmake">
      <Filter>src\cmake</Filter>
    </None>
    <None Include="cmake\stm32l100c.cmake">
      <Filter>src\cmake</Filter>
    </None>
    <None Include="cmake\stm32l152.cmake">
      <Filter>src\cmake</Filter>
    </None>
    <None Include="cmake\xtensa32.cmake">
      <Filter>src\cmake</Filter>
    </None>
    <None Include="cmake\am335x.cmake">
      <Filter>src\cmake</Filter>
    </None>
    <None Include="cmake\atmega2560.cmake">
      <Filter>src\cmake</Filter>
    </None>
    <None Include="cmake\avr.cmake">
      <Filter>src\cmake</Filter>
    </None>
    <None Include="cmake\bcm2835_raspi_b.cmake">
      <Filter>src\cmake</Filter>
    </None>
    <None Include="cmake\gcc-toolchain.cmake">
      <Filter>src\cmake</Filter>
    </None>
    <None Include="cmake\host.cmake">
      <Filter>src\cmake</Filter>
    </None>
    <None Include="cmake\lpc11c24.cmake">
      <Filter>src\cmake</Filter>
    </None>
    <None Include="cmake\rl78.cmake">
      <Filter>src\cmake</Filter>
    </None>
    <None Include="cmake\rx63n.cmake">
      <Filter>src\cmake</Filter>
    </None>
    <None Include="cmake\stm32f100.cmake">
      <Filter>src\cmake</Filter>
    </None>
    <None Include="src\util\STL\cinttypes">
      <Filter>src\util\STL</Filter>
    </None>
    <None Include="cmake\stm32h7a3.cmake">
      <Filter>src\cmake</Filter>
    </None>
    <None Include="cmake\riscvfe310.cmake">
      <Filter>src\cmake</Filter>
    </None>
  </ItemGroup>
  <ItemGroup>
    <Text Include="CMakeLists.txt" />
  </ItemGroup>
</Project>