<?xml version="1.0" encoding="utf-8"?>
<Project ToolsVersion="4.0" xmlns="http://schemas.microsoft.com/developer/msbuild/2003">
  <ItemGroup>
    <Filter Include="app">
      <UniqueIdentifier>{05026f2b-390f-424a-b24a-73033960ef24}</UniqueIdentifier>
    </Filter>
    <Filter Include="app\make">
      <UniqueIdentifier>{3e4d62e1-393a-4652-861b-115c75eed949}</UniqueIdentifier>
    </Filter>
    <Filter Include="build">
      <UniqueIdentifier>{16b42c54-b896-4cb6-b8a5-0436327def0e}</UniqueIdentifier>
    </Filter>
    <Filter Include="micros">
      <UniqueIdentifier>{0a8b6cbb-02d4-4780-a2a9-c5a1b34deb53}</UniqueIdentifier>
    </Filter>
    <Filter Include="micros\avr">
      <UniqueIdentifier>{de66c8a6-669d-452d-a873-565241e395de}</UniqueIdentifier>
    </Filter>
    <Filter Include="micros\avr\make">
      <UniqueIdentifier>{314e7494-f11e-45e1-bb0a-80529ba9a61f}</UniqueIdentifier>
    </Filter>
    <Filter Include="micros\avr\startup">
      <UniqueIdentifier>{3500d006-2e46-4281-adcb-a55d324a5d8b}</UniqueIdentifier>
    </Filter>
    <Filter Include="micros\eabi">
      <UniqueIdentifier>{bb59a455-d3da-468a-a7b0-a98e288bce0a}</UniqueIdentifier>
    </Filter>
    <Filter Include="micros\eabi\make">
      <UniqueIdentifier>{98393bf8-ed15-4ac1-90bf-0db9add1c35c}</UniqueIdentifier>
    </Filter>
    <Filter Include="micros\eabi\startup">
      <UniqueIdentifier>{c59321aa-9533-4c7a-8fe3-6d03e26392f8}</UniqueIdentifier>
    </Filter>
    <Filter Include="micros\mips">
      <UniqueIdentifier>{07c0fd40-d9f8-40c7-a363-c7bac2234b3d}</UniqueIdentifier>
    </Filter>
    <Filter Include="micros\mips\make">
      <UniqueIdentifier>{2a5d7844-e062-45e6-8369-554fb830cf6c}</UniqueIdentifier>
    </Filter>
    <Filter Include="micros\mips\startup">
      <UniqueIdentifier>{233d3e07-73e6-456c-ad85-eee1754c294b}</UniqueIdentifier>
    </Filter>
    <Filter Include="micros\am335x">
      <UniqueIdentifier>{9b8f3b1f-73a5-4635-92f1-d96e7a0dc318}</UniqueIdentifier>
    </Filter>
    <Filter Include="micros\am335x\make">
      <UniqueIdentifier>{a2bf7b3d-0b77-4ed2-9531-d7b905d99449}</UniqueIdentifier>
    </Filter>
    <Filter Include="micros\am335x\startup">
      <UniqueIdentifier>{5448ad0f-89af-4486-b7b5-acbbd7097fc3}</UniqueIdentifier>
    </Filter>
  </ItemGroup>
  <ItemGroup>
    <None Include="Target\Micros\EABI\Startup\crt0.cpp">
      <Filter>micros\eabi\startup</Filter>
    </None>
    <None Include="target\app\make\app_files.gmk">
      <Filter>app\make</Filter>
    </None>
    <None Include="target\app\make\app_make.gmk">
      <Filter>app\make</Filter>
    </None>
    <None Include="target\app\make\app_rules.gmk">
      <Filter>app\make</Filter>
    </None>
    <None Include="target\build\build.bat">
      <Filter>build</Filter>
    </None>
    <None Include="target\micros\avr\make\avr.ld">
      <Filter>micros\avr\make</Filter>
    </None>
    <None Include="target\micros\avr\make\avr_files.gmk">
      <Filter>micros\avr\make</Filter>
    </None>
    <None Include="target\micros\avr\make\avr_flags.gmk">
      <Filter>micros\avr\make</Filter>
    </None>
    <None Include="target\micros\eabi\make\eabi.ld">
      <Filter>micros\eabi\make</Filter>
    </None>
    <None Include="target\micros\eabi\make\eabi_files.gmk">
      <Filter>micros\eabi\make</Filter>
    </None>
    <None Include="target\micros\eabi\make\eabi_flags.gmk">
      <Filter>micros\eabi\make</Filter>
    </None>
    <None Include="target\micros\mips\make\procdefs.ld">
      <Filter>micros\mips\make</Filter>
    </None>
    <None Include="target\micros\mips\startup\crt0.s">
      <Filter>micros\mips\startup</Filter>
    </None>
    <None Include="target\micros\mips\startup\general-exception.s">
      <Filter>micros\mips\startup</Filter>
    </None>
    <None Include="target\micros\mips\make\mips_files.gmk">
      <Filter>micros\mips\make</Filter>
    </None>
    <None Include="target\micros\mips\make\mips_flags.gmk">
      <Filter>micros\mips\make</Filter>
    </None>
    <None Include="target\micros\mips\make\mips.ld">
      <Filter>micros\mips\make</Filter>
    </None>
    <None Include="target\micros\mips\startup\regs.s">
      <Filter>micros\mips\startup</Filter>
    </None>
    <None Include="Target\Micros\AVR\Startup\crt0.cpp">
      <Filter>micros\avr\startup</Filter>
    </None>
    <None Include="Target\Micros\AVR\Startup\crt1.cpp">
      <Filter>micros\avr\startup</Filter>
    </None>
    <None Include="Target\Micros\AVR\Startup\crt0_init_ram.cpp">
      <Filter>micros\avr\startup</Filter>
    </None>
    <None Include="target\micros\am335x\startup\exceptionhandler.s">
      <Filter>micros\am335x\startup</Filter>
    </None>
    <None Include="target\micros\am335x\make\am335x_files.gmk">
      <Filter>micros\am335x\make</Filter>
    </None>
    <None Include="target\micros\am335x\make\am335x_flags.gmk">
      <Filter>micros\am335x\make</Filter>
    </None>
    <None Include="target\micros\am335x\make\am335x_hex_manip_script.hxm">
      <Filter>micros\am335x\make</Filter>
    </None>
    <None Include="target\micros\am335x\make\am335x.ld">
      <Filter>micros\am335x\make</Filter>
    </None>
  </ItemGroup>
  <ItemGroup>
    <ClCompile Include="Target\Micros\EABI\Startup\crt1.cpp">
      <Filter>micros\eabi\startup</Filter>
    </ClCompile>
    <ClCompile Include="Target\Micros\EABI\Startup\crt0_init_ram.cpp">
      <Filter>micros\eabi\startup</Filter>
    </ClCompile>
    <ClCompile Include="Target\Micros\AVR\Startup\int_vect.cpp">
      <Filter>micros\avr\startup</Filter>
    </ClCompile>
    <ClCompile Include="Target\Micros\EABI\Startup\int_vect.cpp">
      <Filter>micros\eabi\startup</Filter>
    </ClCompile>
    <ClCompile Include="target\micros\am335x\startup\crt0.cpp">
      <Filter>micros\am335x\startup</Filter>
    </ClCompile>
    <ClCompile Include="target\micros\am335x\startup\int_vect.cpp">
      <Filter>micros\am335x\startup</Filter>
    </ClCompile>
    <ClCompile Include="target\micros\am335x\startup\crt0_init_ram.cpp">
      <Filter>micros\am335x\startup</Filter>
    </ClCompile>
    <ClCompile Include="target\micros\am335x\startup\crt1.cpp">
      <Filter>micros\am335x\startup</Filter>
    </ClCompile>
  </ItemGroup>
</Project>