<?xml version="1.0" encoding="utf-8"?>
<Project ToolsVersion="4.0" xmlns="http://schemas.microsoft.com/developer/msbuild/2003">
  <ItemGroup>
    <Filter Include="app">
      <UniqueIdentifier>{05026f2b-390f-424a-b24a-73033960ef24}</UniqueIdentifier>
    </Filter>
    <Filter Include="app\make">
      <UniqueIdentifier>{3e4d62e1-393a-4652-861b-115c75eed949}</UniqueIdentifier>
    </Filter>
    <Filter Include="build">
      <UniqueIdentifier>{16b42c54-b896-4cb6-b8a5-0436327def0e}</UniqueIdentifier>
    </Filter>
    <Filter Include="micros">
      <UniqueIdentifier>{0a8b6cbb-02d4-4780-a2a9-c5a1b34deb53}</UniqueIdentifier>
    </Filter>
    <Filter Include="micros\avr">
      <UniqueIdentifier>{de66c8a6-669d-452d-a873-565241e395de}</UniqueIdentifier>
    </Filter>
    <Filter Include="micros\avr\make">
      <UniqueIdentifier>{314e7494-f11e-45e1-bb0a-80529ba9a61f}</UniqueIdentifier>
    </Filter>
    <Filter Include="micros\avr\startup">
      <UniqueIdentifier>{3500d006-2e46-4281-adcb-a55d324a5d8b}</UniqueIdentifier>
    </Filter>
  </ItemGroup>
  <ItemGroup>
    <None Include="target\app\make\app_files.gmk">
      <Filter>app\make</Filter>
    </None>
    <None Include="target\app\make\app_make.gmk">
      <Filter>app\make</Filter>
    </None>
    <None Include="target\app\make\app_rules.gmk">
      <Filter>app\make</Filter>
    </None>
    <None Include="target\build\build.bat">
      <Filter>build</Filter>
    </None>
    <None Include="target\micros\avr\make\avr.ld">
      <Filter>micros\avr\make</Filter>
    </None>
    <None Include="target\micros\avr\make\avr_files.gmk">
      <Filter>micros\avr\make</Filter>
    </None>
    <None Include="target\micros\avr\make\avr_flags.gmk">
      <Filter>micros\avr\make</Filter>
    </None>
  </ItemGroup>
  <ItemGroup>
    <ClCompile Include="target\micros\avr\startup\crt0.cpp">
      <Filter>micros\avr\startup</Filter>
    </ClCompile>
    <ClCompile Include="target\micros\avr\startup\crt0_init_ram.cpp">
      <Filter>micros\avr\startup</Filter>
    </ClCompile>
    <ClCompile Include="target\micros\avr\startup\crt1.cpp">
      <Filter>micros\avr\startup</Filter>
    </ClCompile>
    <ClCompile Include="target\micros\avr\startup\int_vect.cpp">
      <Filter>micros\avr\startup</Filter>
    </ClCompile>
  </ItemGroup>
</Project>